// !$*UTF8*$!
{
	archiveVersion = 1;
	classes = {
	};
	objectVersion = 46;
	objects = {

/* Begin PBXBuildFile section */
		00E356F31AD99517003FC87E /* TellrAppTests.m in Sources */ = {isa = PBXBuildFile; fileRef = 00E356F21AD99517003FC87E /* TellrAppTests.m */; };
		05A9CF6DFAD64A91941AA58B /* Montserrat-BlackItalic.ttf in Resources */ = {isa = PBXBuildFile; fileRef = 82B364149FD04BC580A6AA72 /* Montserrat-BlackItalic.ttf */; };
		082B914DBDFD49B0AF671952 /* Montserrat-Bold.ttf in Resources */ = {isa = PBXBuildFile; fileRef = 2C651154199349D9B50E957A /* Montserrat-Bold.ttf */; };
		093037B71C784A35A7D0E2EC /* superBoy.png in Resources */ = {isa = PBXBuildFile; fileRef = D436D574FEE044C7AA5BE9BB /* superBoy.png */; };
		0ABAD856B19040C3A55FAF0C /* Montserrat-Black.ttf in Resources */ = {isa = PBXBuildFile; fileRef = BFDDD134751147099991936F /* Montserrat-Black.ttf */; };
		0EBF2376362EA6A60AF5AEDC /* libPods-TellrAppTests.a in Frameworks */ = {isa = PBXBuildFile; fileRef = B2868F7ADACC38A55F9F80DF /* libPods-TellrAppTests.a */; };
		13B07FBC1A68108700A75B9A /* AppDelegate.m in Sources */ = {isa = PBXBuildFile; fileRef = 13B07FB01A68108700A75B9A /* AppDelegate.m */; };
		13B07FBD1A68108700A75B9A /* LaunchScreen.xib in Resources */ = {isa = PBXBuildFile; fileRef = 13B07FB11A68108700A75B9A /* LaunchScreen.xib */; };
		13B07FBF1A68108700A75B9A /* Images.xcassets in Resources */ = {isa = PBXBuildFile; fileRef = 13B07FB51A68108700A75B9A /* Images.xcassets */; };
		13B07FC11A68108700A75B9A /* main.m in Sources */ = {isa = PBXBuildFile; fileRef = 13B07FB71A68108700A75B9A /* main.m */; };
		145323DE7E3B4941928D5774 /* girl-21.png in Resources */ = {isa = PBXBuildFile; fileRef = EC3F6D381FF344A7B674C1F9 /* girl-21.png */; };
		1658FA1F42F1455D8031E2BF /* boy-5.png in Resources */ = {isa = PBXBuildFile; fileRef = DADB92EA972B486DAC795C2C /* boy-5.png */; };
		18E6993CE1C3429C90A5D9BA /* boy-4.png in Resources */ = {isa = PBXBuildFile; fileRef = 73FD8B11C8734B16BDA0724F /* boy-4.png */; };
		1EDC65F6BA904A55A5C66961 /* girl-9.png in Resources */ = {isa = PBXBuildFile; fileRef = 1EF0E9896F6E4FD9B773646B /* girl-9.png */; };
		21199FCC97F74A819B4DD584 /* girl-20.png in Resources */ = {isa = PBXBuildFile; fileRef = 47C266EE0365471EAA12E63B /* girl-20.png */; };
		24321E2777A441EDAFEB37C0 /* boy-1.png in Resources */ = {isa = PBXBuildFile; fileRef = 9E8CC20F36B44EC19CE5F6B2 /* boy-1.png */; };
		24699B35C4E044FEAA4E8000 /* boy-18.png in Resources */ = {isa = PBXBuildFile; fileRef = 1496D5D80CD743ACA53FE8D2 /* boy-18.png */; };
		25EF5596C4604EA99C5BE069 /* boy-16.png in Resources */ = {isa = PBXBuildFile; fileRef = 359A5700430F44A6AB320470 /* boy-16.png */; };
		279E2CF63B0D48439D27E19A /* girl-12.png in Resources */ = {isa = PBXBuildFile; fileRef = 5B6CFF4D932D413A97C8E421 /* girl-12.png */; };
		2BA17F381C9F4CF68378B38E /* boy-7.png in Resources */ = {isa = PBXBuildFile; fileRef = 3E09102324B04DA69FE14E53 /* boy-7.png */; };
		2C483AE6EA1E41C39FA5B33E /* FontAwesome.ttf in Resources */ = {isa = PBXBuildFile; fileRef = 7F0CC57D02E34C14BC712D52 /* FontAwesome.ttf */; };
		2C6CBC219F80456291233A3E /* boy-19.png in Resources */ = {isa = PBXBuildFile; fileRef = 325EB73D14F54BBF8EFA3B19 /* boy-19.png */; };
		2D02E4BD1E0B4A84006451C7 /* Images.xcassets in Resources */ = {isa = PBXBuildFile; fileRef = 13B07FB51A68108700A75B9A /* Images.xcassets */; };
		2D02E4BF1E0B4AB3006451C7 /* main.m in Sources */ = {isa = PBXBuildFile; fileRef = 13B07FB71A68108700A75B9A /* main.m */; };
		2D16E6881FA4F8E400B85C8A /* libReact.a in Frameworks */ = {isa = PBXBuildFile; fileRef = 2D16E6891FA4F8E400B85C8A /* libReact.a */; };
		2DAAEDD5F44A416DAB26C752 /* Montserrat-Medium.ttf in Resources */ = {isa = PBXBuildFile; fileRef = 4E728C36A8FD45D4A02E8013 /* Montserrat-Medium.ttf */; };
		304D892D08264629BDC05CA5 /* girl-18.png in Resources */ = {isa = PBXBuildFile; fileRef = 3322F57BB5654D25BFE84B6C /* girl-18.png */; };
		33D8195054A6419EB55F302B /* Tellr Logo.psd in Resources */ = {isa = PBXBuildFile; fileRef = 1BF68B17669B4FBFAA8E8503 /* Tellr Logo.psd */; };
		35367C1D0D354AEFA2BA991A /* AntDesign.ttf in Resources */ = {isa = PBXBuildFile; fileRef = 0B5FDE18BE3A48FB9E1FD324 /* AntDesign.ttf */; };
		35529E42270B4ED7A87974CC /* boy-20.png in Resources */ = {isa = PBXBuildFile; fileRef = 82B142EFA02C4622B668C221 /* boy-20.png */; };
		356255336BA74C8DA4BEC81E /* boy-17.png in Resources */ = {isa = PBXBuildFile; fileRef = 6ECE2F92B5F64BCA85085B37 /* boy-17.png */; };
		35D944451232488B95EDCBC6 /* SignPainter.otf in Resources */ = {isa = PBXBuildFile; fileRef = 323D39127F5440579CCAB23B /* SignPainter.otf */; };
		3929EC8A02A74C9D93AE26F4 /* Montserrat-LightItalic.ttf in Resources */ = {isa = PBXBuildFile; fileRef = 04EB1FBE2E224DE49A0AC36B /* Montserrat-LightItalic.ttf */; };
		3A309EFFAAA343D586F51D23 /* Montserrat-Italic.ttf in Resources */ = {isa = PBXBuildFile; fileRef = 2876CE80B18442A5A36871B3 /* Montserrat-Italic.ttf */; };
		3B0B7D6D1A55489A98E69D06 /* girl-23.png in Resources */ = {isa = PBXBuildFile; fileRef = 5A05A3C360394D33B36695B6 /* girl-23.png */; };
		4404E97E5D184F2CA45AE6DA /* girl-7.png in Resources */ = {isa = PBXBuildFile; fileRef = 5F699A24857B47A981A61B46 /* girl-7.png */; };
		448362A9221145570008D0AC /* Tellr-Logo.gif in Resources */ = {isa = PBXBuildFile; fileRef = 448362A8221145570008D0AC /* Tellr-Logo.gif */; };
		46F9DD295754417A9B7EEFF0 /* kids.png in Resources */ = {isa = PBXBuildFile; fileRef = 4EA58FD1715B4BD2821F8562 /* kids.png */; };
		49962F9FC4B54B0587284F04 /* boy-11.png in Resources */ = {isa = PBXBuildFile; fileRef = 4CC2F6F4E08F49FBBE86401B /* boy-11.png */; };
		4A78CD30971841D9B1537A2F /* Montserrat-Light.ttf in Resources */ = {isa = PBXBuildFile; fileRef = 57BD94B8ADD74B3F8EE298B7 /* Montserrat-Light.ttf */; };
		5478CC29167547729DD665AD /* girl-24.png in Resources */ = {isa = PBXBuildFile; fileRef = D92A0ECFE8D04D7A873A14CD /* girl-24.png */; };
		57C9BDF5853C488B9DF006ED /* girl-1.png in Resources */ = {isa = PBXBuildFile; fileRef = 12581E48D94B4E5DA1C2079C /* girl-1.png */; };
		5CD64557628E45BCA6E4BB9D /* girl-19.png in Resources */ = {isa = PBXBuildFile; fileRef = 7336A5359604443FA454B900 /* girl-19.png */; };
		5E445EEC31AC41FB8BC9F37F /* Montserrat-MediumItalic.ttf in Resources */ = {isa = PBXBuildFile; fileRef = DCA01AC02691457EB2D2D3B7 /* Montserrat-MediumItalic.ttf */; };
		647EAA9AD3B04EE3AEE79EF9 /* girl-11.png in Resources */ = {isa = PBXBuildFile; fileRef = 33586E1F3FD84B25A5ECDA84 /* girl-11.png */; };
		67A752CF34EF431CA9E30919 /* Foundation.ttf in Resources */ = {isa = PBXBuildFile; fileRef = 2B91B9DE3C474259B27EF939 /* Foundation.ttf */; };
		6DF6B37352A144F6A454B8B4 /* Montserrat-Thin.ttf in Resources */ = {isa = PBXBuildFile; fileRef = 2DB305FF1944468883101E75 /* Montserrat-Thin.ttf */; };
		6E6EA9226C63443E92AACC36 /* Montserrat-BoldItalic.ttf in Resources */ = {isa = PBXBuildFile; fileRef = F88579EF61244D358769EE5E /* Montserrat-BoldItalic.ttf */; };
		7311E4357E9D461D85B79CBE /* Montserrat-Regular.ttf in Resources */ = {isa = PBXBuildFile; fileRef = 1B012D646BAB4A028771E047 /* Montserrat-Regular.ttf */; };
		783A8764365044ACA89C8C69 /* FontAwesome5_Regular.ttf in Resources */ = {isa = PBXBuildFile; fileRef = 7A71C821EB974B138B84BAA9 /* FontAwesome5_Regular.ttf */; };
		7ADE6F7235314DC6B9C5AFE7 /* girl-3.png in Resources */ = {isa = PBXBuildFile; fileRef = 73A7E7BDCDD141E2A694B3E5 /* girl-3.png */; };
		7B4FB48D47B84E5FB2D12051 /* FontAwesome5_Solid.ttf in Resources */ = {isa = PBXBuildFile; fileRef = D4E6050AF0E64B2B9DE8BCEA /* FontAwesome5_Solid.ttf */; };
		7CAEAB7A7D9040DB9FC9C47F /* girl-14.png in Resources */ = {isa = PBXBuildFile; fileRef = B6043E17A8DA48D69DA8CA5D /* girl-14.png */; };
		7E63A57787F747A895D8B159 /* boy-15.png in Resources */ = {isa = PBXBuildFile; fileRef = 96E45122452B48638260BDDC /* boy-15.png */; };
		8097321A68D6437FABDA093F /* girl.png in Resources */ = {isa = PBXBuildFile; fileRef = 004B40868F5E42E48D49A24F /* girl.png */; };
		81E70201CF6940C0B79D695C /* girl-13.png in Resources */ = {isa = PBXBuildFile; fileRef = BD319861A3B949ACB7339296 /* girl-13.png */; };
		8318A57E7B264669BC480747 /* Montserrat-SemiBold.ttf in Resources */ = {isa = PBXBuildFile; fileRef = F7BDBA22B78E45C8B1951495 /* Montserrat-SemiBold.ttf */; };
		832748695FEC4127AB39E444 /* boy.png in Resources */ = {isa = PBXBuildFile; fileRef = CDE7E76C20AA48FA86559E31 /* boy.png */; };
		83F639CE9E1F463496957310 /* superGirl.png in Resources */ = {isa = PBXBuildFile; fileRef = F92FABD28E7D46718783063F /* superGirl.png */; };
		84F07FC562FB45F3ACB40192 /* girl-15.png in Resources */ = {isa = PBXBuildFile; fileRef = 4E30AB8105A3486C8F1FEAFA /* girl-15.png */; };
		8A49212AAABB4F69889CCD30 /* Zocial.ttf in Resources */ = {isa = PBXBuildFile; fileRef = D2E9F0438FE1427995EF4030 /* Zocial.ttf */; };
		8A86212B6D9B442191BC8A3A /* girl-4.png in Resources */ = {isa = PBXBuildFile; fileRef = 4879D9D229B3428BB907F7C8 /* girl-4.png */; };
		8BB67B62A3B449538B232FE9 /* bill.png in Resources */ = {isa = PBXBuildFile; fileRef = 8C1085A759764A6BBB2C740E /* bill.png */; };
		8D879E82576D4CA9BAD72BD8 /* Montserrat-SemiBoldItalic.ttf in Resources */ = {isa = PBXBuildFile; fileRef = D8A13F1EFFD54193BA537581 /* Montserrat-SemiBoldItalic.ttf */; };
		8FAE5FDCD5864BC295545A14 /* girl-22.png in Resources */ = {isa = PBXBuildFile; fileRef = CF6C6570A1AF43FCB40E6288 /* girl-22.png */; };
		9706A406F5C34B658DAF41EA /* Montserrat-ExtraLight.ttf in Resources */ = {isa = PBXBuildFile; fileRef = 2758AB2B60B141B2B00ADD4F /* Montserrat-ExtraLight.ttf */; };
		97AEA00C67F94FD681353C79 /* MaterialIcons.ttf in Resources */ = {isa = PBXBuildFile; fileRef = EA270B7B804A4DFF9799664A /* MaterialIcons.ttf */; };
		9A31FAB6C8C54C7EA113E401 /* boy-21.png in Resources */ = {isa = PBXBuildFile; fileRef = A9AFED55A8904C479EE761E3 /* boy-21.png */; };
		9AC8F3F403E9432A876C8708 /* boy-8.png in Resources */ = {isa = PBXBuildFile; fileRef = B05A6464E87D43739FD128F4 /* boy-8.png */; };
		9BCFD60D8CAC47EBBA3EADFF /* Entypo.ttf in Resources */ = {isa = PBXBuildFile; fileRef = 4CC1CE21E0974EA490951FCD /* Entypo.ttf */; };
		9BEF752BE64B4A1BB5768729 /* girl-2.png in Resources */ = {isa = PBXBuildFile; fileRef = 66BD5C62054141CD9F41D57B /* girl-2.png */; };
		A359041EF07C4064BC0133B0 /* boy-2.png in Resources */ = {isa = PBXBuildFile; fileRef = CB488612A46649FAA21CF6F1 /* boy-2.png */; };
		A42F2AB425B6421D8904D50D /* boy-6.png in Resources */ = {isa = PBXBuildFile; fileRef = FE2BFA1F972544A79A984B24 /* boy-6.png */; };
		A7AC0C1176284002A371DF5A /* girl-17.png in Resources */ = {isa = PBXBuildFile; fileRef = 6D65F42C8ACF4530A2909B0C /* girl-17.png */; };
		A8E0C5714D1D4283A7E7DB7F /* EvilIcons.ttf in Resources */ = {isa = PBXBuildFile; fileRef = 4AD28C5FD74D4EBE95019E07 /* EvilIcons.ttf */; };
		ADD041499325417490DBE0A7 /* girl-8.png in Resources */ = {isa = PBXBuildFile; fileRef = 3D9F87A2B5CE4FDAA1022E2D /* girl-8.png */; };
		B4B7565ED29E4322A59DD992 /* girl-25.png in Resources */ = {isa = PBXBuildFile; fileRef = 723A794A424248B4BAD6BD9C /* girl-25.png */; };
		B7E1C3F6CF7D4017B1B4E31A /* boy-14.png in Resources */ = {isa = PBXBuildFile; fileRef = 282DF9D8EC3B4301BEBFB6A6 /* boy-14.png */; };
		B8571AE907F44BE9B01A2F41 /* MaterialCommunityIcons.ttf in Resources */ = {isa = PBXBuildFile; fileRef = 56B8F45C30FB470091D032CB /* MaterialCommunityIcons.ttf */; };
		BA5FACBF98134723A3C9C8BB /* boy-10.png in Resources */ = {isa = PBXBuildFile; fileRef = 20202AFB6BE349F488634E52 /* boy-10.png */; };
		BD2599038525454194F0FB52 /* FontAwesome5_Brands.ttf in Resources */ = {isa = PBXBuildFile; fileRef = 58A438EA69C14CA89658CE4A /* FontAwesome5_Brands.ttf */; };
		C7DD28F90BC64185B8A6A086 /* boy-12.png in Resources */ = {isa = PBXBuildFile; fileRef = 87A7577784904EC4B1BE8512 /* boy-12.png */; };
		CA90E2906CC2487F986E7BE5 /* boy-3.png in Resources */ = {isa = PBXBuildFile; fileRef = 77B0D3BB207E4AF5AB9417BA /* boy-3.png */; };
		CCE7B2C90D954AF699CBD01A /* Montserrat-ThinItalic.ttf in Resources */ = {isa = PBXBuildFile; fileRef = D53A1F69A7D74F2EB79BA856 /* Montserrat-ThinItalic.ttf */; };
		CECA53C0B0DD46AD9DDB6D09 /* logo.svg in Resources */ = {isa = PBXBuildFile; fileRef = 5FF07CA13F7B46F2918E5B85 /* logo.svg */; };
		CF8E2B20B4184F0D9809AA0F /* SimpleLineIcons.ttf in Resources */ = {isa = PBXBuildFile; fileRef = 8B68DD97C5ED4346ACF1CEC4 /* SimpleLineIcons.ttf */; };
		D35B17723527450EA3E7EC66 /* girl-6.png in Resources */ = {isa = PBXBuildFile; fileRef = CE50CDBAF0864B2696169C28 /* girl-6.png */; };
		DA8A2F092D7E457E83387EBE /* Montserrat-ExtraBoldItalic.ttf in Resources */ = {isa = PBXBuildFile; fileRef = 8D925041F46942E0A89B2281 /* Montserrat-ExtraBoldItalic.ttf */; };
		DD6E5DF63590412E80A729D4 /* Montserrat-ExtraLightItalic.ttf in Resources */ = {isa = PBXBuildFile; fileRef = D605A3D0BF0249E3AF2C2707 /* Montserrat-ExtraLightItalic.ttf */; };
		DE45CAC59BEA49A987C54D04 /* Octicons.ttf in Resources */ = {isa = PBXBuildFile; fileRef = BF95EA6AEE5748EA93D57146 /* Octicons.ttf */; };
		DECE99071BC64E25B17CB33C /* broom.png in Resources */ = {isa = PBXBuildFile; fileRef = 439B18C5242D43B39A520C70 /* broom.png */; };
		DF36E6E698EE4E26BCC0CBFF /* Feather.ttf in Resources */ = {isa = PBXBuildFile; fileRef = 8F23C6A2A7E445AD9B07759E /* Feather.ttf */; };
		E085774891714162A90C87EB /* libRNVectorIcons-tvOS.a in Frameworks */ = {isa = PBXBuildFile; fileRef = CC6180665BA04AA880ABCCE9 /* libRNVectorIcons-tvOS.a */; };
		E4480EBBF5294A2E8BB80287 /* libRNSVG-tvOS.a in Frameworks */ = {isa = PBXBuildFile; fileRef = 5CA19651A8CD4D7B9E56D389 /* libRNSVG-tvOS.a */; };
		EA0A2343220384E2000EF809 /* main.jsbundle in Resources */ = {isa = PBXBuildFile; fileRef = EA0A2316220384E2000EF809 /* main.jsbundle */; };
		EA6C62792219FC6900DFC83B /* AppDelegate.m in Sources */ = {isa = PBXBuildFile; fileRef = 13B07FB01A68108700A75B9A /* AppDelegate.m */; };
		EA776C41222EFF620036FCA8 /* assets in Resources */ = {isa = PBXBuildFile; fileRef = EA776C40222EFF620036FCA8 /* assets */; };
		EAA1809222113A5900025734 /* main.storyboard in Resources */ = {isa = PBXBuildFile; fileRef = EAA1806322113A5900025734 /* main.storyboard */; };
		EAA1809322113A5900025734 /* LauncScreen.storyboard in Resources */ = {isa = PBXBuildFile; fileRef = EAA1809122113A5900025734 /* LauncScreen.storyboard */; };
		EAA1809622113A7900025734 /* ViewController.swift in Sources */ = {isa = PBXBuildFile; fileRef = EAA1809522113A7900025734 /* ViewController.swift */; };
		EB7AEE9D5FB44267B234F500 /* girl-26.png in Resources */ = {isa = PBXBuildFile; fileRef = 07315A9E48B44D2CACEF47D3 /* girl-26.png */; };
		EF1EF403F2E14A28ADFAF0BE /* boy-9.png in Resources */ = {isa = PBXBuildFile; fileRef = FBA9DEA0B4D8486D824CFAD2 /* boy-9.png */; };
		F1AC3B322CB6487E94DB4C0B /* coin.png in Resources */ = {isa = PBXBuildFile; fileRef = 9197B712F2924BD8BD937667 /* coin.png */; };
		F2426D82DC8340AA9236BB03 /* Montserrat-ExtraBold.ttf in Resources */ = {isa = PBXBuildFile; fileRef = ABF87BBD73C44A29B1360D11 /* Montserrat-ExtraBold.ttf */; };
		F2A225724393429F97C4A44D /* girl-5.png in Resources */ = {isa = PBXBuildFile; fileRef = 298992CE882C46A6864596E1 /* girl-5.png */; };
		F4E7F01AF5924EECA1FD74D4 /* boy-13.png in Resources */ = {isa = PBXBuildFile; fileRef = C25EB12AE0EB48BAB7AD7741 /* boy-13.png */; };
		F537BACA47EE4D0287E9C1AC /* Ionicons.ttf in Resources */ = {isa = PBXBuildFile; fileRef = 9D9F14AE6EA64B53B47FBF24 /* Ionicons.ttf */; };
		F613F105F43D432E982BE24E /* girl-16.png in Resources */ = {isa = PBXBuildFile; fileRef = 33483C23388D46B6872DDF11 /* girl-16.png */; };
		F7171F2744644D0980790E3C /* mop.png in Resources */ = {isa = PBXBuildFile; fileRef = 2C54B051CB6440D5870725E3 /* mop.png */; };
		F8677284A94548FD8F5DDADB /* boy-22.png in Resources */ = {isa = PBXBuildFile; fileRef = 8374B8143721407D9C1452C3 /* boy-22.png */; };
		FA33CD88E32D44E9AE34C01D /* girl-10.png in Resources */ = {isa = PBXBuildFile; fileRef = 297AF6671C2A49C1AE1193E6 /* girl-10.png */; };
		FD2A72D4847C34AF1945AA63 /* libPods-TellrApp.a in Frameworks */ = {isa = PBXBuildFile; fileRef = B84EFA5BDAB3C39EC2525624 /* libPods-TellrApp.a */; };
/* End PBXBuildFile section */

/* Begin PBXContainerItemProxy section */
		00E356F41AD99517003FC87E /* PBXContainerItemProxy */ = {
			isa = PBXContainerItemProxy;
			containerPortal = 83CBB9F71A601CBA00E9B192 /* Project object */;
			proxyType = 1;
			remoteGlobalIDString = 13B07F861A680F5B00A75B9A;
			remoteInfo = TellrApp;
		};
		2D02E4911E0B4A5D006451C7 /* PBXContainerItemProxy */ = {
			isa = PBXContainerItemProxy;
			containerPortal = 83CBB9F71A601CBA00E9B192 /* Project object */;
			proxyType = 1;
			remoteGlobalIDString = 2D02E47A1E0B4A5D006451C7;
			remoteInfo = "TellrApp-tvOS";
		};
/* End PBXContainerItemProxy section */

/* Begin PBXCopyFilesBuildPhase section */
		EA5B140B22078A310059C52F /* Embed App Extensions */ = {
			isa = PBXCopyFilesBuildPhase;
			buildActionMask = 2147483647;
			dstPath = "";
			dstSubfolderSpec = 13;
			files = (
			);
			name = "Embed App Extensions";
			runOnlyForDeploymentPostprocessing = 0;
		};
/* End PBXCopyFilesBuildPhase section */

/* Begin PBXFileReference section */
		004B40868F5E42E48D49A24F /* girl.png */ = {isa = PBXFileReference; explicitFileType = undefined; fileEncoding = 9; includeInIndex = 0; lastKnownFileType = unknown; name = girl.png; path = ../src/media/girl.png; sourceTree = "<group>"; };
		00E356EE1AD99517003FC87E /* TellrAppTests.xctest */ = {isa = PBXFileReference; explicitFileType = wrapper.cfbundle; includeInIndex = 0; path = TellrAppTests.xctest; sourceTree = BUILT_PRODUCTS_DIR; };
		00E356F11AD99517003FC87E /* Info.plist */ = {isa = PBXFileReference; lastKnownFileType = text.plist.xml; path = Info.plist; sourceTree = "<group>"; };
		00E356F21AD99517003FC87E /* TellrAppTests.m */ = {isa = PBXFileReference; lastKnownFileType = sourcecode.c.objc; path = TellrAppTests.m; sourceTree = "<group>"; };
		03A0C73E281D4E40A282C024 /* Pods-TellrApp.release.xcconfig */ = {isa = PBXFileReference; includeInIndex = 1; lastKnownFileType = text.xcconfig; name = "Pods-TellrApp.release.xcconfig"; path = "Target Support Files/Pods-TellrApp/Pods-TellrApp.release.xcconfig"; sourceTree = "<group>"; };
		04EB1FBE2E224DE49A0AC36B /* Montserrat-LightItalic.ttf */ = {isa = PBXFileReference; explicitFileType = undefined; fileEncoding = 9; includeInIndex = 0; lastKnownFileType = unknown; name = "Montserrat-LightItalic.ttf"; path = "../src/fonts/Montserrat-LightItalic.ttf"; sourceTree = "<group>"; };
		05D5E2338C75CFA801CD6175 /* Pods-TellrApp.debug.xcconfig */ = {isa = PBXFileReference; includeInIndex = 1; lastKnownFileType = text.xcconfig; name = "Pods-TellrApp.debug.xcconfig"; path = "Target Support Files/Pods-TellrApp/Pods-TellrApp.debug.xcconfig"; sourceTree = "<group>"; };
		07315A9E48B44D2CACEF47D3 /* girl-26.png */ = {isa = PBXFileReference; explicitFileType = undefined; fileEncoding = 9; includeInIndex = 0; lastKnownFileType = unknown; name = "girl-26.png"; path = "../src/media/girl-26.png"; sourceTree = "<group>"; };
		0B5FDE18BE3A48FB9E1FD324 /* AntDesign.ttf */ = {isa = PBXFileReference; explicitFileType = undefined; fileEncoding = 9; includeInIndex = 0; lastKnownFileType = unknown; name = AntDesign.ttf; path = "../node_modules/react-native-vector-icons/Fonts/AntDesign.ttf"; sourceTree = "<group>"; };
		12581E48D94B4E5DA1C2079C /* girl-1.png */ = {isa = PBXFileReference; explicitFileType = undefined; fileEncoding = 9; includeInIndex = 0; lastKnownFileType = unknown; name = "girl-1.png"; path = "../src/media/girl-1.png"; sourceTree = "<group>"; };
		13B07F961A680F5B00A75B9A /* TellrApp.app */ = {isa = PBXFileReference; explicitFileType = wrapper.application; includeInIndex = 0; path = TellrApp.app; sourceTree = BUILT_PRODUCTS_DIR; };
		13B07FAF1A68108700A75B9A /* AppDelegate.h */ = {isa = PBXFileReference; fileEncoding = 4; lastKnownFileType = sourcecode.c.h; name = AppDelegate.h; path = TellrApp/AppDelegate.h; sourceTree = "<group>"; };
		13B07FB01A68108700A75B9A /* AppDelegate.m */ = {isa = PBXFileReference; fileEncoding = 4; lastKnownFileType = sourcecode.c.objc; name = AppDelegate.m; path = TellrApp/AppDelegate.m; sourceTree = "<group>"; };
		13B07FB21A68108700A75B9A /* Base */ = {isa = PBXFileReference; lastKnownFileType = file.xib; name = Base; path = Base.lproj/LaunchScreen.xib; sourceTree = "<group>"; };
		13B07FB51A68108700A75B9A /* Images.xcassets */ = {isa = PBXFileReference; lastKnownFileType = folder.assetcatalog; name = Images.xcassets; path = TellrApp/Images.xcassets; sourceTree = "<group>"; };
		13B07FB61A68108700A75B9A /* Info.plist */ = {isa = PBXFileReference; fileEncoding = 4; lastKnownFileType = text.plist.xml; name = Info.plist; path = TellrApp/Info.plist; sourceTree = "<group>"; };
		13B07FB71A68108700A75B9A /* main.m */ = {isa = PBXFileReference; fileEncoding = 4; lastKnownFileType = sourcecode.c.objc; name = main.m; path = TellrApp/main.m; sourceTree = "<group>"; };
		1496D5D80CD743ACA53FE8D2 /* boy-18.png */ = {isa = PBXFileReference; explicitFileType = undefined; fileEncoding = 9; includeInIndex = 0; lastKnownFileType = unknown; name = "boy-18.png"; path = "../src/media/boy-18.png"; sourceTree = "<group>"; };
		19D0EAD249914E83BC980553 /* libRNSVG.a */ = {isa = PBXFileReference; explicitFileType = undefined; fileEncoding = 9; includeInIndex = 0; lastKnownFileType = archive.ar; path = libRNSVG.a; sourceTree = "<group>"; };
		1B012D646BAB4A028771E047 /* Montserrat-Regular.ttf */ = {isa = PBXFileReference; explicitFileType = undefined; fileEncoding = 9; includeInIndex = 0; lastKnownFileType = unknown; name = "Montserrat-Regular.ttf"; path = "../src/fonts/Montserrat-Regular.ttf"; sourceTree = "<group>"; };
		1BF68B17669B4FBFAA8E8503 /* Tellr Logo.psd */ = {isa = PBXFileReference; explicitFileType = undefined; fileEncoding = 9; includeInIndex = 0; lastKnownFileType = unknown; name = "Tellr Logo.psd"; path = "../src/media/Tellr Logo.psd"; sourceTree = "<group>"; };
		1EF0E9896F6E4FD9B773646B /* girl-9.png */ = {isa = PBXFileReference; explicitFileType = undefined; fileEncoding = 9; includeInIndex = 0; lastKnownFileType = unknown; name = "girl-9.png"; path = "../src/media/girl-9.png"; sourceTree = "<group>"; };
		20202AFB6BE349F488634E52 /* boy-10.png */ = {isa = PBXFileReference; explicitFileType = undefined; fileEncoding = 9; includeInIndex = 0; lastKnownFileType = unknown; name = "boy-10.png"; path = "../src/media/boy-10.png"; sourceTree = "<group>"; };
		2758AB2B60B141B2B00ADD4F /* Montserrat-ExtraLight.ttf */ = {isa = PBXFileReference; explicitFileType = undefined; fileEncoding = 9; includeInIndex = 0; lastKnownFileType = unknown; name = "Montserrat-ExtraLight.ttf"; path = "../src/fonts/Montserrat-ExtraLight.ttf"; sourceTree = "<group>"; };
		282DF9D8EC3B4301BEBFB6A6 /* boy-14.png */ = {isa = PBXFileReference; explicitFileType = undefined; fileEncoding = 9; includeInIndex = 0; lastKnownFileType = unknown; name = "boy-14.png"; path = "../src/media/boy-14.png"; sourceTree = "<group>"; };
		2876CE80B18442A5A36871B3 /* Montserrat-Italic.ttf */ = {isa = PBXFileReference; explicitFileType = undefined; fileEncoding = 9; includeInIndex = 0; lastKnownFileType = unknown; name = "Montserrat-Italic.ttf"; path = "../src/fonts/Montserrat-Italic.ttf"; sourceTree = "<group>"; };
		297AF6671C2A49C1AE1193E6 /* girl-10.png */ = {isa = PBXFileReference; explicitFileType = undefined; fileEncoding = 9; includeInIndex = 0; lastKnownFileType = unknown; name = "girl-10.png"; path = "../src/media/girl-10.png"; sourceTree = "<group>"; };
		298992CE882C46A6864596E1 /* girl-5.png */ = {isa = PBXFileReference; explicitFileType = undefined; fileEncoding = 9; includeInIndex = 0; lastKnownFileType = unknown; name = "girl-5.png"; path = "../src/media/girl-5.png"; sourceTree = "<group>"; };
		2B91B9DE3C474259B27EF939 /* Foundation.ttf */ = {isa = PBXFileReference; explicitFileType = undefined; fileEncoding = 9; includeInIndex = 0; lastKnownFileType = unknown; name = Foundation.ttf; path = "../node_modules/react-native-vector-icons/Fonts/Foundation.ttf"; sourceTree = "<group>"; };
		2C54B051CB6440D5870725E3 /* mop.png */ = {isa = PBXFileReference; explicitFileType = undefined; fileEncoding = 9; includeInIndex = 0; lastKnownFileType = unknown; name = mop.png; path = ../src/media/mop.png; sourceTree = "<group>"; };
		2C651154199349D9B50E957A /* Montserrat-Bold.ttf */ = {isa = PBXFileReference; explicitFileType = undefined; fileEncoding = 9; includeInIndex = 0; lastKnownFileType = unknown; name = "Montserrat-Bold.ttf"; path = "../src/fonts/Montserrat-Bold.ttf"; sourceTree = "<group>"; };
		2D02E47B1E0B4A5D006451C7 /* TellrApp-tvOS.app */ = {isa = PBXFileReference; explicitFileType = wrapper.application; includeInIndex = 0; path = "TellrApp-tvOS.app"; sourceTree = BUILT_PRODUCTS_DIR; };
		2D02E4901E0B4A5D006451C7 /* TellrApp-tvOSTests.xctest */ = {isa = PBXFileReference; explicitFileType = wrapper.cfbundle; includeInIndex = 0; path = "TellrApp-tvOSTests.xctest"; sourceTree = BUILT_PRODUCTS_DIR; };
		2D16E6891FA4F8E400B85C8A /* libReact.a */ = {isa = PBXFileReference; explicitFileType = archive.ar; path = libReact.a; sourceTree = BUILT_PRODUCTS_DIR; };
		2DB305FF1944468883101E75 /* Montserrat-Thin.ttf */ = {isa = PBXFileReference; explicitFileType = undefined; fileEncoding = 9; includeInIndex = 0; lastKnownFileType = unknown; name = "Montserrat-Thin.ttf"; path = "../src/fonts/Montserrat-Thin.ttf"; sourceTree = "<group>"; };
		323D39127F5440579CCAB23B /* SignPainter.otf */ = {isa = PBXFileReference; explicitFileType = undefined; fileEncoding = 9; includeInIndex = 0; lastKnownFileType = unknown; name = SignPainter.otf; path = ../src/fonts/SignPainter.otf; sourceTree = "<group>"; };
		325EB73D14F54BBF8EFA3B19 /* boy-19.png */ = {isa = PBXFileReference; explicitFileType = undefined; fileEncoding = 9; includeInIndex = 0; lastKnownFileType = unknown; name = "boy-19.png"; path = "../src/media/boy-19.png"; sourceTree = "<group>"; };
		3322F57BB5654D25BFE84B6C /* girl-18.png */ = {isa = PBXFileReference; explicitFileType = undefined; fileEncoding = 9; includeInIndex = 0; lastKnownFileType = unknown; name = "girl-18.png"; path = "../src/media/girl-18.png"; sourceTree = "<group>"; };
		33483C23388D46B6872DDF11 /* girl-16.png */ = {isa = PBXFileReference; explicitFileType = undefined; fileEncoding = 9; includeInIndex = 0; lastKnownFileType = unknown; name = "girl-16.png"; path = "../src/media/girl-16.png"; sourceTree = "<group>"; };
		33586E1F3FD84B25A5ECDA84 /* girl-11.png */ = {isa = PBXFileReference; explicitFileType = undefined; fileEncoding = 9; includeInIndex = 0; lastKnownFileType = unknown; name = "girl-11.png"; path = "../src/media/girl-11.png"; sourceTree = "<group>"; };
		359A5700430F44A6AB320470 /* boy-16.png */ = {isa = PBXFileReference; explicitFileType = undefined; fileEncoding = 9; includeInIndex = 0; lastKnownFileType = unknown; name = "boy-16.png"; path = "../src/media/boy-16.png"; sourceTree = "<group>"; };
		3D9F87A2B5CE4FDAA1022E2D /* girl-8.png */ = {isa = PBXFileReference; explicitFileType = undefined; fileEncoding = 9; includeInIndex = 0; lastKnownFileType = unknown; name = "girl-8.png"; path = "../src/media/girl-8.png"; sourceTree = "<group>"; };
		3E09102324B04DA69FE14E53 /* boy-7.png */ = {isa = PBXFileReference; explicitFileType = undefined; fileEncoding = 9; includeInIndex = 0; lastKnownFileType = unknown; name = "boy-7.png"; path = "../src/media/boy-7.png"; sourceTree = "<group>"; };
		40CAD93968EA454AAC9B8FC1 /* libRNImagePicker.a */ = {isa = PBXFileReference; explicitFileType = undefined; fileEncoding = 9; includeInIndex = 0; lastKnownFileType = archive.ar; path = libRNImagePicker.a; sourceTree = "<group>"; };
		439B18C5242D43B39A520C70 /* broom.png */ = {isa = PBXFileReference; explicitFileType = undefined; fileEncoding = 9; includeInIndex = 0; lastKnownFileType = unknown; name = broom.png; path = ../src/media/broom.png; sourceTree = "<group>"; };
		448362A8221145570008D0AC /* Tellr-Logo.gif */ = {isa = PBXFileReference; lastKnownFileType = image.gif; path = "Tellr-Logo.gif"; sourceTree = "<group>"; };
		47C266EE0365471EAA12E63B /* girl-20.png */ = {isa = PBXFileReference; explicitFileType = undefined; fileEncoding = 9; includeInIndex = 0; lastKnownFileType = unknown; name = "girl-20.png"; path = "../src/media/girl-20.png"; sourceTree = "<group>"; };
		4879D9D229B3428BB907F7C8 /* girl-4.png */ = {isa = PBXFileReference; explicitFileType = undefined; fileEncoding = 9; includeInIndex = 0; lastKnownFileType = unknown; name = "girl-4.png"; path = "../src/media/girl-4.png"; sourceTree = "<group>"; };
		4AD28C5FD74D4EBE95019E07 /* EvilIcons.ttf */ = {isa = PBXFileReference; explicitFileType = undefined; fileEncoding = 9; includeInIndex = 0; lastKnownFileType = unknown; name = EvilIcons.ttf; path = "../node_modules/react-native-vector-icons/Fonts/EvilIcons.ttf"; sourceTree = "<group>"; };
		4CC1CE21E0974EA490951FCD /* Entypo.ttf */ = {isa = PBXFileReference; explicitFileType = undefined; fileEncoding = 9; includeInIndex = 0; lastKnownFileType = unknown; name = Entypo.ttf; path = "../node_modules/react-native-vector-icons/Fonts/Entypo.ttf"; sourceTree = "<group>"; };
		4CC2F6F4E08F49FBBE86401B /* boy-11.png */ = {isa = PBXFileReference; explicitFileType = undefined; fileEncoding = 9; includeInIndex = 0; lastKnownFileType = unknown; name = "boy-11.png"; path = "../src/media/boy-11.png"; sourceTree = "<group>"; };
		4E30AB8105A3486C8F1FEAFA /* girl-15.png */ = {isa = PBXFileReference; explicitFileType = undefined; fileEncoding = 9; includeInIndex = 0; lastKnownFileType = unknown; name = "girl-15.png"; path = "../src/media/girl-15.png"; sourceTree = "<group>"; };
		4E728C36A8FD45D4A02E8013 /* Montserrat-Medium.ttf */ = {isa = PBXFileReference; explicitFileType = undefined; fileEncoding = 9; includeInIndex = 0; lastKnownFileType = unknown; name = "Montserrat-Medium.ttf"; path = "../src/fonts/Montserrat-Medium.ttf"; sourceTree = "<group>"; };
		4EA58FD1715B4BD2821F8562 /* kids.png */ = {isa = PBXFileReference; explicitFileType = undefined; fileEncoding = 9; includeInIndex = 0; lastKnownFileType = unknown; name = kids.png; path = ../src/media/kids.png; sourceTree = "<group>"; };
		56B8F45C30FB470091D032CB /* MaterialCommunityIcons.ttf */ = {isa = PBXFileReference; explicitFileType = undefined; fileEncoding = 9; includeInIndex = 0; lastKnownFileType = unknown; name = MaterialCommunityIcons.ttf; path = "../node_modules/react-native-vector-icons/Fonts/MaterialCommunityIcons.ttf"; sourceTree = "<group>"; };
		57BD94B8ADD74B3F8EE298B7 /* Montserrat-Light.ttf */ = {isa = PBXFileReference; explicitFileType = undefined; fileEncoding = 9; includeInIndex = 0; lastKnownFileType = unknown; name = "Montserrat-Light.ttf"; path = "../src/fonts/Montserrat-Light.ttf"; sourceTree = "<group>"; };
		58A438EA69C14CA89658CE4A /* FontAwesome5_Brands.ttf */ = {isa = PBXFileReference; explicitFileType = undefined; fileEncoding = 9; includeInIndex = 0; lastKnownFileType = unknown; name = FontAwesome5_Brands.ttf; path = "../node_modules/react-native-vector-icons/Fonts/FontAwesome5_Brands.ttf"; sourceTree = "<group>"; };
		5A05A3C360394D33B36695B6 /* girl-23.png */ = {isa = PBXFileReference; explicitFileType = undefined; fileEncoding = 9; includeInIndex = 0; lastKnownFileType = unknown; name = "girl-23.png"; path = "../src/media/girl-23.png"; sourceTree = "<group>"; };
		5B6CFF4D932D413A97C8E421 /* girl-12.png */ = {isa = PBXFileReference; explicitFileType = undefined; fileEncoding = 9; includeInIndex = 0; lastKnownFileType = unknown; name = "girl-12.png"; path = "../src/media/girl-12.png"; sourceTree = "<group>"; };
		5CA19651A8CD4D7B9E56D389 /* libRNSVG-tvOS.a */ = {isa = PBXFileReference; explicitFileType = undefined; fileEncoding = 9; includeInIndex = 0; lastKnownFileType = archive.ar; path = "libRNSVG-tvOS.a"; sourceTree = "<group>"; };
		5F699A24857B47A981A61B46 /* girl-7.png */ = {isa = PBXFileReference; explicitFileType = undefined; fileEncoding = 9; includeInIndex = 0; lastKnownFileType = unknown; name = "girl-7.png"; path = "../src/media/girl-7.png"; sourceTree = "<group>"; };
		5FF07CA13F7B46F2918E5B85 /* logo.svg */ = {isa = PBXFileReference; explicitFileType = undefined; fileEncoding = 9; includeInIndex = 0; lastKnownFileType = unknown; name = logo.svg; path = ../src/media/logo.svg; sourceTree = "<group>"; };
		6120A32C1D494B2EA10FA1D0 /* Tellr-Logo.gif */ = {isa = PBXFileReference; explicitFileType = undefined; fileEncoding = 9; includeInIndex = 0; lastKnownFileType = unknown; name = "Tellr-Logo.gif"; path = "../src/media/Tellr-Logo.gif"; sourceTree = "<group>"; };
		659F39A155F64AD395514323 /* libRNGestureHandler.a */ = {isa = PBXFileReference; explicitFileType = undefined; fileEncoding = 9; includeInIndex = 0; lastKnownFileType = archive.ar; path = libRNGestureHandler.a; sourceTree = "<group>"; };
		66BD5C62054141CD9F41D57B /* girl-2.png */ = {isa = PBXFileReference; explicitFileType = undefined; fileEncoding = 9; includeInIndex = 0; lastKnownFileType = unknown; name = "girl-2.png"; path = "../src/media/girl-2.png"; sourceTree = "<group>"; };
		6D65F42C8ACF4530A2909B0C /* girl-17.png */ = {isa = PBXFileReference; explicitFileType = undefined; fileEncoding = 9; includeInIndex = 0; lastKnownFileType = unknown; name = "girl-17.png"; path = "../src/media/girl-17.png"; sourceTree = "<group>"; };
		6ECE2F92B5F64BCA85085B37 /* boy-17.png */ = {isa = PBXFileReference; explicitFileType = undefined; fileEncoding = 9; includeInIndex = 0; lastKnownFileType = unknown; name = "boy-17.png"; path = "../src/media/boy-17.png"; sourceTree = "<group>"; };
		723A794A424248B4BAD6BD9C /* girl-25.png */ = {isa = PBXFileReference; explicitFileType = undefined; fileEncoding = 9; includeInIndex = 0; lastKnownFileType = unknown; name = "girl-25.png"; path = "../src/media/girl-25.png"; sourceTree = "<group>"; };
		7336A5359604443FA454B900 /* girl-19.png */ = {isa = PBXFileReference; explicitFileType = undefined; fileEncoding = 9; includeInIndex = 0; lastKnownFileType = unknown; name = "girl-19.png"; path = "../src/media/girl-19.png"; sourceTree = "<group>"; };
		73A7E7BDCDD141E2A694B3E5 /* girl-3.png */ = {isa = PBXFileReference; explicitFileType = undefined; fileEncoding = 9; includeInIndex = 0; lastKnownFileType = unknown; name = "girl-3.png"; path = "../src/media/girl-3.png"; sourceTree = "<group>"; };
		73FD8B11C8734B16BDA0724F /* boy-4.png */ = {isa = PBXFileReference; explicitFileType = undefined; fileEncoding = 9; includeInIndex = 0; lastKnownFileType = unknown; name = "boy-4.png"; path = "../src/media/boy-4.png"; sourceTree = "<group>"; };
		77B0D3BB207E4AF5AB9417BA /* boy-3.png */ = {isa = PBXFileReference; explicitFileType = undefined; fileEncoding = 9; includeInIndex = 0; lastKnownFileType = unknown; name = "boy-3.png"; path = "../src/media/boy-3.png"; sourceTree = "<group>"; };
		7A71C821EB974B138B84BAA9 /* FontAwesome5_Regular.ttf */ = {isa = PBXFileReference; explicitFileType = undefined; fileEncoding = 9; includeInIndex = 0; lastKnownFileType = unknown; name = FontAwesome5_Regular.ttf; path = "../node_modules/react-native-vector-icons/Fonts/FontAwesome5_Regular.ttf"; sourceTree = "<group>"; };
		7F0CC57D02E34C14BC712D52 /* FontAwesome.ttf */ = {isa = PBXFileReference; explicitFileType = undefined; fileEncoding = 9; includeInIndex = 0; lastKnownFileType = unknown; name = FontAwesome.ttf; path = "../node_modules/react-native-vector-icons/Fonts/FontAwesome.ttf"; sourceTree = "<group>"; };
		82B142EFA02C4622B668C221 /* boy-20.png */ = {isa = PBXFileReference; explicitFileType = undefined; fileEncoding = 9; includeInIndex = 0; lastKnownFileType = unknown; name = "boy-20.png"; path = "../src/media/boy-20.png"; sourceTree = "<group>"; };
		82B364149FD04BC580A6AA72 /* Montserrat-BlackItalic.ttf */ = {isa = PBXFileReference; explicitFileType = undefined; fileEncoding = 9; includeInIndex = 0; lastKnownFileType = unknown; name = "Montserrat-BlackItalic.ttf"; path = "../src/fonts/Montserrat-BlackItalic.ttf"; sourceTree = "<group>"; };
		8374B8143721407D9C1452C3 /* boy-22.png */ = {isa = PBXFileReference; explicitFileType = undefined; fileEncoding = 9; includeInIndex = 0; lastKnownFileType = unknown; name = "boy-22.png"; path = "../src/media/boy-22.png"; sourceTree = "<group>"; };
		87A7577784904EC4B1BE8512 /* boy-12.png */ = {isa = PBXFileReference; explicitFileType = undefined; fileEncoding = 9; includeInIndex = 0; lastKnownFileType = unknown; name = "boy-12.png"; path = "../src/media/boy-12.png"; sourceTree = "<group>"; };
		8B68DD97C5ED4346ACF1CEC4 /* SimpleLineIcons.ttf */ = {isa = PBXFileReference; explicitFileType = undefined; fileEncoding = 9; includeInIndex = 0; lastKnownFileType = unknown; name = SimpleLineIcons.ttf; path = "../node_modules/react-native-vector-icons/Fonts/SimpleLineIcons.ttf"; sourceTree = "<group>"; };
		8C1085A759764A6BBB2C740E /* bill.png */ = {isa = PBXFileReference; explicitFileType = undefined; fileEncoding = 9; includeInIndex = 0; lastKnownFileType = unknown; name = bill.png; path = ../src/media/bill.png; sourceTree = "<group>"; };
		8D925041F46942E0A89B2281 /* Montserrat-ExtraBoldItalic.ttf */ = {isa = PBXFileReference; explicitFileType = undefined; fileEncoding = 9; includeInIndex = 0; lastKnownFileType = unknown; name = "Montserrat-ExtraBoldItalic.ttf"; path = "../src/fonts/Montserrat-ExtraBoldItalic.ttf"; sourceTree = "<group>"; };
		8F23C6A2A7E445AD9B07759E /* Feather.ttf */ = {isa = PBXFileReference; explicitFileType = undefined; fileEncoding = 9; includeInIndex = 0; lastKnownFileType = unknown; name = Feather.ttf; path = "../node_modules/react-native-vector-icons/Fonts/Feather.ttf"; sourceTree = "<group>"; };
		9197B712F2924BD8BD937667 /* coin.png */ = {isa = PBXFileReference; explicitFileType = undefined; fileEncoding = 9; includeInIndex = 0; lastKnownFileType = unknown; name = coin.png; path = ../src/media/coin.png; sourceTree = "<group>"; };
		96E45122452B48638260BDDC /* boy-15.png */ = {isa = PBXFileReference; explicitFileType = undefined; fileEncoding = 9; includeInIndex = 0; lastKnownFileType = unknown; name = "boy-15.png"; path = "../src/media/boy-15.png"; sourceTree = "<group>"; };
		9D9F14AE6EA64B53B47FBF24 /* Ionicons.ttf */ = {isa = PBXFileReference; explicitFileType = undefined; fileEncoding = 9; includeInIndex = 0; lastKnownFileType = unknown; name = Ionicons.ttf; path = "../node_modules/react-native-vector-icons/Fonts/Ionicons.ttf"; sourceTree = "<group>"; };
		9E8CC20F36B44EC19CE5F6B2 /* boy-1.png */ = {isa = PBXFileReference; explicitFileType = undefined; fileEncoding = 9; includeInIndex = 0; lastKnownFileType = unknown; name = "boy-1.png"; path = "../src/media/boy-1.png"; sourceTree = "<group>"; };
		9F91A7D45627C3025274638D /* Pods-TellrAppTests.debug.xcconfig */ = {isa = PBXFileReference; includeInIndex = 1; lastKnownFileType = text.xcconfig; name = "Pods-TellrAppTests.debug.xcconfig"; path = "Target Support Files/Pods-TellrAppTests/Pods-TellrAppTests.debug.xcconfig"; sourceTree = "<group>"; };
		A8824E7B9FE54B5984E5D015 /* libBVLinearGradient.a */ = {isa = PBXFileReference; explicitFileType = undefined; fileEncoding = 9; includeInIndex = 0; lastKnownFileType = archive.ar; path = libBVLinearGradient.a; sourceTree = "<group>"; };
		A9AFED55A8904C479EE761E3 /* boy-21.png */ = {isa = PBXFileReference; explicitFileType = undefined; fileEncoding = 9; includeInIndex = 0; lastKnownFileType = unknown; name = "boy-21.png"; path = "../src/media/boy-21.png"; sourceTree = "<group>"; };
		ABF87BBD73C44A29B1360D11 /* Montserrat-ExtraBold.ttf */ = {isa = PBXFileReference; explicitFileType = undefined; fileEncoding = 9; includeInIndex = 0; lastKnownFileType = unknown; name = "Montserrat-ExtraBold.ttf"; path = "../src/fonts/Montserrat-ExtraBold.ttf"; sourceTree = "<group>"; };
		B05A6464E87D43739FD128F4 /* boy-8.png */ = {isa = PBXFileReference; explicitFileType = undefined; fileEncoding = 9; includeInIndex = 0; lastKnownFileType = unknown; name = "boy-8.png"; path = "../src/media/boy-8.png"; sourceTree = "<group>"; };
		B2868F7ADACC38A55F9F80DF /* libPods-TellrAppTests.a */ = {isa = PBXFileReference; explicitFileType = archive.ar; includeInIndex = 0; path = "libPods-TellrAppTests.a"; sourceTree = BUILT_PRODUCTS_DIR; };
		B6043E17A8DA48D69DA8CA5D /* girl-14.png */ = {isa = PBXFileReference; explicitFileType = undefined; fileEncoding = 9; includeInIndex = 0; lastKnownFileType = unknown; name = "girl-14.png"; path = "../src/media/girl-14.png"; sourceTree = "<group>"; };
		B84EFA5BDAB3C39EC2525624 /* libPods-TellrApp.a */ = {isa = PBXFileReference; explicitFileType = archive.ar; includeInIndex = 0; path = "libPods-TellrApp.a"; sourceTree = BUILT_PRODUCTS_DIR; };
		B8E8094AFCF84372BA84512A /* libRNVectorIcons.a */ = {isa = PBXFileReference; explicitFileType = undefined; fileEncoding = 9; includeInIndex = 0; lastKnownFileType = archive.ar; path = libRNVectorIcons.a; sourceTree = "<group>"; };
		BD319861A3B949ACB7339296 /* girl-13.png */ = {isa = PBXFileReference; explicitFileType = undefined; fileEncoding = 9; includeInIndex = 0; lastKnownFileType = unknown; name = "girl-13.png"; path = "../src/media/girl-13.png"; sourceTree = "<group>"; };
		BF95EA6AEE5748EA93D57146 /* Octicons.ttf */ = {isa = PBXFileReference; explicitFileType = undefined; fileEncoding = 9; includeInIndex = 0; lastKnownFileType = unknown; name = Octicons.ttf; path = "../node_modules/react-native-vector-icons/Fonts/Octicons.ttf"; sourceTree = "<group>"; };
		BFDDD134751147099991936F /* Montserrat-Black.ttf */ = {isa = PBXFileReference; explicitFileType = undefined; fileEncoding = 9; includeInIndex = 0; lastKnownFileType = unknown; name = "Montserrat-Black.ttf"; path = "../src/fonts/Montserrat-Black.ttf"; sourceTree = "<group>"; };
		C25EB12AE0EB48BAB7AD7741 /* boy-13.png */ = {isa = PBXFileReference; explicitFileType = undefined; fileEncoding = 9; includeInIndex = 0; lastKnownFileType = unknown; name = "boy-13.png"; path = "../src/media/boy-13.png"; sourceTree = "<group>"; };
		C9EE3CE0444E4398A5386E22 /* libRNSound.a */ = {isa = PBXFileReference; explicitFileType = undefined; fileEncoding = 9; includeInIndex = 0; lastKnownFileType = archive.ar; path = libRNSound.a; sourceTree = "<group>"; };
		CB488612A46649FAA21CF6F1 /* boy-2.png */ = {isa = PBXFileReference; explicitFileType = undefined; fileEncoding = 9; includeInIndex = 0; lastKnownFileType = unknown; name = "boy-2.png"; path = "../src/media/boy-2.png"; sourceTree = "<group>"; };
		CC6180665BA04AA880ABCCE9 /* libRNVectorIcons-tvOS.a */ = {isa = PBXFileReference; explicitFileType = undefined; fileEncoding = 9; includeInIndex = 0; lastKnownFileType = archive.ar; path = "libRNVectorIcons-tvOS.a"; sourceTree = "<group>"; };
		CDE7E76C20AA48FA86559E31 /* boy.png */ = {isa = PBXFileReference; explicitFileType = undefined; fileEncoding = 9; includeInIndex = 0; lastKnownFileType = unknown; name = boy.png; path = ../src/media/boy.png; sourceTree = "<group>"; };
		CE50CDBAF0864B2696169C28 /* girl-6.png */ = {isa = PBXFileReference; explicitFileType = undefined; fileEncoding = 9; includeInIndex = 0; lastKnownFileType = unknown; name = "girl-6.png"; path = "../src/media/girl-6.png"; sourceTree = "<group>"; };
		CF6C6570A1AF43FCB40E6288 /* girl-22.png */ = {isa = PBXFileReference; explicitFileType = undefined; fileEncoding = 9; includeInIndex = 0; lastKnownFileType = unknown; name = "girl-22.png"; path = "../src/media/girl-22.png"; sourceTree = "<group>"; };
		D2E9F0438FE1427995EF4030 /* Zocial.ttf */ = {isa = PBXFileReference; explicitFileType = undefined; fileEncoding = 9; includeInIndex = 0; lastKnownFileType = unknown; name = Zocial.ttf; path = "../node_modules/react-native-vector-icons/Fonts/Zocial.ttf"; sourceTree = "<group>"; };
		D436D574FEE044C7AA5BE9BB /* superBoy.png */ = {isa = PBXFileReference; explicitFileType = undefined; fileEncoding = 9; includeInIndex = 0; lastKnownFileType = unknown; name = superBoy.png; path = ../src/media/superBoy.png; sourceTree = "<group>"; };
		D4E6050AF0E64B2B9DE8BCEA /* FontAwesome5_Solid.ttf */ = {isa = PBXFileReference; explicitFileType = undefined; fileEncoding = 9; includeInIndex = 0; lastKnownFileType = unknown; name = FontAwesome5_Solid.ttf; path = "../node_modules/react-native-vector-icons/Fonts/FontAwesome5_Solid.ttf"; sourceTree = "<group>"; };
		D53A1F69A7D74F2EB79BA856 /* Montserrat-ThinItalic.ttf */ = {isa = PBXFileReference; explicitFileType = undefined; fileEncoding = 9; includeInIndex = 0; lastKnownFileType = unknown; name = "Montserrat-ThinItalic.ttf"; path = "../src/fonts/Montserrat-ThinItalic.ttf"; sourceTree = "<group>"; };
		D605A3D0BF0249E3AF2C2707 /* Montserrat-ExtraLightItalic.ttf */ = {isa = PBXFileReference; explicitFileType = undefined; fileEncoding = 9; includeInIndex = 0; lastKnownFileType = unknown; name = "Montserrat-ExtraLightItalic.ttf"; path = "../src/fonts/Montserrat-ExtraLightItalic.ttf"; sourceTree = "<group>"; };
		D8A13F1EFFD54193BA537581 /* Montserrat-SemiBoldItalic.ttf */ = {isa = PBXFileReference; explicitFileType = undefined; fileEncoding = 9; includeInIndex = 0; lastKnownFileType = unknown; name = "Montserrat-SemiBoldItalic.ttf"; path = "../src/fonts/Montserrat-SemiBoldItalic.ttf"; sourceTree = "<group>"; };
		D92A0ECFE8D04D7A873A14CD /* girl-24.png */ = {isa = PBXFileReference; explicitFileType = undefined; fileEncoding = 9; includeInIndex = 0; lastKnownFileType = unknown; name = "girl-24.png"; path = "../src/media/girl-24.png"; sourceTree = "<group>"; };
		DADB92EA972B486DAC795C2C /* boy-5.png */ = {isa = PBXFileReference; explicitFileType = undefined; fileEncoding = 9; includeInIndex = 0; lastKnownFileType = unknown; name = "boy-5.png"; path = "../src/media/boy-5.png"; sourceTree = "<group>"; };
		DCA01AC02691457EB2D2D3B7 /* Montserrat-MediumItalic.ttf */ = {isa = PBXFileReference; explicitFileType = undefined; fileEncoding = 9; includeInIndex = 0; lastKnownFileType = unknown; name = "Montserrat-MediumItalic.ttf"; path = "../src/fonts/Montserrat-MediumItalic.ttf"; sourceTree = "<group>"; };
		EA0A2316220384E2000EF809 /* main.jsbundle */ = {isa = PBXFileReference; fileEncoding = 4; lastKnownFileType = text; name = main.jsbundle; path = TellrApp/main.jsbundle; sourceTree = "<group>"; };
		EA270B7B804A4DFF9799664A /* MaterialIcons.ttf */ = {isa = PBXFileReference; explicitFileType = undefined; fileEncoding = 9; includeInIndex = 0; lastKnownFileType = unknown; name = MaterialIcons.ttf; path = "../node_modules/react-native-vector-icons/Fonts/MaterialIcons.ttf"; sourceTree = "<group>"; };
		EA5B13FA220789300059C52F /* TellrApp.entitlements */ = {isa = PBXFileReference; lastKnownFileType = text.plist.entitlements; name = TellrApp.entitlements; path = TellrApp/TellrApp.entitlements; sourceTree = "<group>"; };
		EA5B140C22078AFF0059C52F /* UIKit.framework */ = {isa = PBXFileReference; lastKnownFileType = wrapper.framework; name = UIKit.framework; path = System/Library/Frameworks/UIKit.framework; sourceTree = SDKROOT; };
		EA5B140E22078B0B0059C52F /* SystemConfiguration.framework */ = {isa = PBXFileReference; lastKnownFileType = wrapper.framework; name = SystemConfiguration.framework; path = System/Library/Frameworks/SystemConfiguration.framework; sourceTree = SDKROOT; };
		EA776C40222EFF620036FCA8 /* assets */ = {isa = PBXFileReference; lastKnownFileType = folder; name = assets; path = TellrApp/assets; sourceTree = "<group>"; };
		EAA1806322113A5900025734 /* main.storyboard */ = {isa = PBXFileReference; fileEncoding = 4; lastKnownFileType = file.storyboard; name = main.storyboard; path = TellrApp/main.storyboard; sourceTree = "<group>"; };
		EAA1809122113A5900025734 /* LauncScreen.storyboard */ = {isa = PBXFileReference; fileEncoding = 4; lastKnownFileType = file.storyboard; name = LauncScreen.storyboard; path = TellrApp/LauncScreen.storyboard; sourceTree = "<group>"; };
		EAA1809422113A7800025734 /* TellrApp-Bridging-Header.h */ = {isa = PBXFileReference; lastKnownFileType = sourcecode.c.h; path = "TellrApp-Bridging-Header.h"; sourceTree = "<group>"; };
		EAA1809522113A7900025734 /* ViewController.swift */ = {isa = PBXFileReference; fileEncoding = 4; lastKnownFileType = sourcecode.swift; name = ViewController.swift; path = TellrApp/ViewController.swift; sourceTree = "<group>"; };
		EB1BD9F818A41ACBC254556B /* Pods-TellrAppTests.release.xcconfig */ = {isa = PBXFileReference; includeInIndex = 1; lastKnownFileType = text.xcconfig; name = "Pods-TellrAppTests.release.xcconfig"; path = "Target Support Files/Pods-TellrAppTests/Pods-TellrAppTests.release.xcconfig"; sourceTree = "<group>"; };
		EC3F6D381FF344A7B674C1F9 /* girl-21.png */ = {isa = PBXFileReference; explicitFileType = undefined; fileEncoding = 9; includeInIndex = 0; lastKnownFileType = unknown; name = "girl-21.png"; path = "../src/media/girl-21.png"; sourceTree = "<group>"; };
		F7BDBA22B78E45C8B1951495 /* Montserrat-SemiBold.ttf */ = {isa = PBXFileReference; explicitFileType = undefined; fileEncoding = 9; includeInIndex = 0; lastKnownFileType = unknown; name = "Montserrat-SemiBold.ttf"; path = "../src/fonts/Montserrat-SemiBold.ttf"; sourceTree = "<group>"; };
		F88579EF61244D358769EE5E /* Montserrat-BoldItalic.ttf */ = {isa = PBXFileReference; explicitFileType = undefined; fileEncoding = 9; includeInIndex = 0; lastKnownFileType = unknown; name = "Montserrat-BoldItalic.ttf"; path = "../src/fonts/Montserrat-BoldItalic.ttf"; sourceTree = "<group>"; };
		F92FABD28E7D46718783063F /* superGirl.png */ = {isa = PBXFileReference; explicitFileType = undefined; fileEncoding = 9; includeInIndex = 0; lastKnownFileType = unknown; name = superGirl.png; path = ../src/media/superGirl.png; sourceTree = "<group>"; };
		FBA9DEA0B4D8486D824CFAD2 /* boy-9.png */ = {isa = PBXFileReference; explicitFileType = undefined; fileEncoding = 9; includeInIndex = 0; lastKnownFileType = unknown; name = "boy-9.png"; path = "../src/media/boy-9.png"; sourceTree = "<group>"; };
		FE2BFA1F972544A79A984B24 /* boy-6.png */ = {isa = PBXFileReference; explicitFileType = undefined; fileEncoding = 9; includeInIndex = 0; lastKnownFileType = unknown; name = "boy-6.png"; path = "../src/media/boy-6.png"; sourceTree = "<group>"; };
/* End PBXFileReference section */

/* Begin PBXFrameworksBuildPhase section */
		00E356EB1AD99517003FC87E /* Frameworks */ = {
			isa = PBXFrameworksBuildPhase;
			buildActionMask = 2147483647;
			files = (
				0EBF2376362EA6A60AF5AEDC /* libPods-TellrAppTests.a in Frameworks */,
			);
			runOnlyForDeploymentPostprocessing = 0;
		};
		13B07F8C1A680F5B00A75B9A /* Frameworks */ = {
			isa = PBXFrameworksBuildPhase;
			buildActionMask = 2147483647;
			files = (
				FD2A72D4847C34AF1945AA63 /* libPods-TellrApp.a in Frameworks */,
			);
			runOnlyForDeploymentPostprocessing = 0;
		};
		2D02E4781E0B4A5D006451C7 /* Frameworks */ = {
			isa = PBXFrameworksBuildPhase;
			buildActionMask = 2147483647;
			files = (
				2D16E6881FA4F8E400B85C8A /* libReact.a in Frameworks */,
				E085774891714162A90C87EB /* libRNVectorIcons-tvOS.a in Frameworks */,
				E4480EBBF5294A2E8BB80287 /* libRNSVG-tvOS.a in Frameworks */,
			);
			runOnlyForDeploymentPostprocessing = 0;
		};
		2D02E48D1E0B4A5D006451C7 /* Frameworks */ = {
			isa = PBXFrameworksBuildPhase;
			buildActionMask = 2147483647;
			files = (
			);
			runOnlyForDeploymentPostprocessing = 0;
		};
/* End PBXFrameworksBuildPhase section */

/* Begin PBXGroup section */
		00E356EF1AD99517003FC87E /* TellrAppTests */ = {
			isa = PBXGroup;
			children = (
				00E356F21AD99517003FC87E /* TellrAppTests.m */,
				00E356F01AD99517003FC87E /* Supporting Files */,
			);
			path = TellrAppTests;
			sourceTree = "<group>";
		};
		00E356F01AD99517003FC87E /* Supporting Files */ = {
			isa = PBXGroup;
			children = (
				00E356F11AD99517003FC87E /* Info.plist */,
			);
			name = "Supporting Files";
			sourceTree = "<group>";
		};
		0F0F3AF32186817B00547D75 /* Recovered References */ = {
			isa = PBXGroup;
			children = (
				A8824E7B9FE54B5984E5D015 /* libBVLinearGradient.a */,
				40CAD93968EA454AAC9B8FC1 /* libRNImagePicker.a */,
				C9EE3CE0444E4398A5386E22 /* libRNSound.a */,
				659F39A155F64AD395514323 /* libRNGestureHandler.a */,
				B8E8094AFCF84372BA84512A /* libRNVectorIcons.a */,
				CC6180665BA04AA880ABCCE9 /* libRNVectorIcons-tvOS.a */,
				19D0EAD249914E83BC980553 /* libRNSVG.a */,
				5CA19651A8CD4D7B9E56D389 /* libRNSVG-tvOS.a */,
			);
			name = "Recovered References";
			sourceTree = "<group>";
		};
		13B07FAE1A68108700A75B9A /* TellrApp */ = {
			isa = PBXGroup;
			children = (
				EA776C40222EFF620036FCA8 /* assets */,
				EAA1809522113A7900025734 /* ViewController.swift */,
				EA5B13FA220789300059C52F /* TellrApp.entitlements */,
				EA0A2316220384E2000EF809 /* main.jsbundle */,
				EAA1809122113A5900025734 /* LauncScreen.storyboard */,
				EAA1806322113A5900025734 /* main.storyboard */,
				13B07FAF1A68108700A75B9A /* AppDelegate.h */,
				13B07FB01A68108700A75B9A /* AppDelegate.m */,
				13B07FB51A68108700A75B9A /* Images.xcassets */,
				448362A8221145570008D0AC /* Tellr-Logo.gif */,
				13B07FB61A68108700A75B9A /* Info.plist */,
				13B07FB11A68108700A75B9A /* LaunchScreen.xib */,
				13B07FB71A68108700A75B9A /* main.m */,
				EAA1809422113A7800025734 /* TellrApp-Bridging-Header.h */,
			);
			name = TellrApp;
			sourceTree = "<group>";
		};
		2D16E6871FA4F8E400B85C8A /* Frameworks */ = {
			isa = PBXGroup;
			children = (
				EA5B140E22078B0B0059C52F /* SystemConfiguration.framework */,
				EA5B140C22078AFF0059C52F /* UIKit.framework */,
				2D16E6891FA4F8E400B85C8A /* libReact.a */,
				B84EFA5BDAB3C39EC2525624 /* libPods-TellrApp.a */,
				B2868F7ADACC38A55F9F80DF /* libPods-TellrAppTests.a */,
			);
			name = Frameworks;
			sourceTree = "<group>";
		};
		495081F787AB4E27B989D1C2 /* Resources */ = {
			isa = PBXGroup;
			children = (
				BFDDD134751147099991936F /* Montserrat-Black.ttf */,
				82B364149FD04BC580A6AA72 /* Montserrat-BlackItalic.ttf */,
				2C651154199349D9B50E957A /* Montserrat-Bold.ttf */,
				F88579EF61244D358769EE5E /* Montserrat-BoldItalic.ttf */,
				ABF87BBD73C44A29B1360D11 /* Montserrat-ExtraBold.ttf */,
				8D925041F46942E0A89B2281 /* Montserrat-ExtraBoldItalic.ttf */,
				2758AB2B60B141B2B00ADD4F /* Montserrat-ExtraLight.ttf */,
				D605A3D0BF0249E3AF2C2707 /* Montserrat-ExtraLightItalic.ttf */,
				2876CE80B18442A5A36871B3 /* Montserrat-Italic.ttf */,
				57BD94B8ADD74B3F8EE298B7 /* Montserrat-Light.ttf */,
				04EB1FBE2E224DE49A0AC36B /* Montserrat-LightItalic.ttf */,
				4E728C36A8FD45D4A02E8013 /* Montserrat-Medium.ttf */,
				DCA01AC02691457EB2D2D3B7 /* Montserrat-MediumItalic.ttf */,
				1B012D646BAB4A028771E047 /* Montserrat-Regular.ttf */,
				F7BDBA22B78E45C8B1951495 /* Montserrat-SemiBold.ttf */,
				D8A13F1EFFD54193BA537581 /* Montserrat-SemiBoldItalic.ttf */,
				2DB305FF1944468883101E75 /* Montserrat-Thin.ttf */,
				D53A1F69A7D74F2EB79BA856 /* Montserrat-ThinItalic.ttf */,
				0B5FDE18BE3A48FB9E1FD324 /* AntDesign.ttf */,
				4CC1CE21E0974EA490951FCD /* Entypo.ttf */,
				4AD28C5FD74D4EBE95019E07 /* EvilIcons.ttf */,
				8F23C6A2A7E445AD9B07759E /* Feather.ttf */,
				7F0CC57D02E34C14BC712D52 /* FontAwesome.ttf */,
				58A438EA69C14CA89658CE4A /* FontAwesome5_Brands.ttf */,
				7A71C821EB974B138B84BAA9 /* FontAwesome5_Regular.ttf */,
				D4E6050AF0E64B2B9DE8BCEA /* FontAwesome5_Solid.ttf */,
				2B91B9DE3C474259B27EF939 /* Foundation.ttf */,
				9D9F14AE6EA64B53B47FBF24 /* Ionicons.ttf */,
				56B8F45C30FB470091D032CB /* MaterialCommunityIcons.ttf */,
				EA270B7B804A4DFF9799664A /* MaterialIcons.ttf */,
				BF95EA6AEE5748EA93D57146 /* Octicons.ttf */,
				8B68DD97C5ED4346ACF1CEC4 /* SimpleLineIcons.ttf */,
				D2E9F0438FE1427995EF4030 /* Zocial.ttf */,
				323D39127F5440579CCAB23B /* SignPainter.otf */,
				8C1085A759764A6BBB2C740E /* bill.png */,
				9E8CC20F36B44EC19CE5F6B2 /* boy-1.png */,
				20202AFB6BE349F488634E52 /* boy-10.png */,
				4CC2F6F4E08F49FBBE86401B /* boy-11.png */,
				87A7577784904EC4B1BE8512 /* boy-12.png */,
				C25EB12AE0EB48BAB7AD7741 /* boy-13.png */,
				282DF9D8EC3B4301BEBFB6A6 /* boy-14.png */,
				96E45122452B48638260BDDC /* boy-15.png */,
				359A5700430F44A6AB320470 /* boy-16.png */,
				6ECE2F92B5F64BCA85085B37 /* boy-17.png */,
				1496D5D80CD743ACA53FE8D2 /* boy-18.png */,
				325EB73D14F54BBF8EFA3B19 /* boy-19.png */,
				CB488612A46649FAA21CF6F1 /* boy-2.png */,
				82B142EFA02C4622B668C221 /* boy-20.png */,
				A9AFED55A8904C479EE761E3 /* boy-21.png */,
				8374B8143721407D9C1452C3 /* boy-22.png */,
				77B0D3BB207E4AF5AB9417BA /* boy-3.png */,
				73FD8B11C8734B16BDA0724F /* boy-4.png */,
				DADB92EA972B486DAC795C2C /* boy-5.png */,
				FE2BFA1F972544A79A984B24 /* boy-6.png */,
				3E09102324B04DA69FE14E53 /* boy-7.png */,
				B05A6464E87D43739FD128F4 /* boy-8.png */,
				FBA9DEA0B4D8486D824CFAD2 /* boy-9.png */,
				CDE7E76C20AA48FA86559E31 /* boy.png */,
				439B18C5242D43B39A520C70 /* broom.png */,
				9197B712F2924BD8BD937667 /* coin.png */,
				12581E48D94B4E5DA1C2079C /* girl-1.png */,
				297AF6671C2A49C1AE1193E6 /* girl-10.png */,
				33586E1F3FD84B25A5ECDA84 /* girl-11.png */,
				5B6CFF4D932D413A97C8E421 /* girl-12.png */,
				BD319861A3B949ACB7339296 /* girl-13.png */,
				B6043E17A8DA48D69DA8CA5D /* girl-14.png */,
				4E30AB8105A3486C8F1FEAFA /* girl-15.png */,
				33483C23388D46B6872DDF11 /* girl-16.png */,
				6D65F42C8ACF4530A2909B0C /* girl-17.png */,
				3322F57BB5654D25BFE84B6C /* girl-18.png */,
				7336A5359604443FA454B900 /* girl-19.png */,
				66BD5C62054141CD9F41D57B /* girl-2.png */,
				47C266EE0365471EAA12E63B /* girl-20.png */,
				EC3F6D381FF344A7B674C1F9 /* girl-21.png */,
				CF6C6570A1AF43FCB40E6288 /* girl-22.png */,
				5A05A3C360394D33B36695B6 /* girl-23.png */,
				D92A0ECFE8D04D7A873A14CD /* girl-24.png */,
				723A794A424248B4BAD6BD9C /* girl-25.png */,
				07315A9E48B44D2CACEF47D3 /* girl-26.png */,
				73A7E7BDCDD141E2A694B3E5 /* girl-3.png */,
				4879D9D229B3428BB907F7C8 /* girl-4.png */,
				298992CE882C46A6864596E1 /* girl-5.png */,
				CE50CDBAF0864B2696169C28 /* girl-6.png */,
				5F699A24857B47A981A61B46 /* girl-7.png */,
				3D9F87A2B5CE4FDAA1022E2D /* girl-8.png */,
				1EF0E9896F6E4FD9B773646B /* girl-9.png */,
				004B40868F5E42E48D49A24F /* girl.png */,
				4EA58FD1715B4BD2821F8562 /* kids.png */,
				5FF07CA13F7B46F2918E5B85 /* logo.svg */,
				2C54B051CB6440D5870725E3 /* mop.png */,
				D436D574FEE044C7AA5BE9BB /* superBoy.png */,
				F92FABD28E7D46718783063F /* superGirl.png */,
				1BF68B17669B4FBFAA8E8503 /* Tellr Logo.psd */,
				6120A32C1D494B2EA10FA1D0 /* Tellr-Logo.gif */,
			);
			name = Resources;
			sourceTree = "<group>";
		};
		832341AE1AAA6A7D00B99B32 /* Libraries */ = {
			isa = PBXGroup;
			children = (
			);
			name = Libraries;
			sourceTree = "<group>";
		};
		83CBB9F61A601CBA00E9B192 = {
			isa = PBXGroup;
			children = (
				13B07FAE1A68108700A75B9A /* TellrApp */,
				832341AE1AAA6A7D00B99B32 /* Libraries */,
				00E356EF1AD99517003FC87E /* TellrAppTests */,
				83CBBA001A601CBA00E9B192 /* Products */,
				2D16E6871FA4F8E400B85C8A /* Frameworks */,
				495081F787AB4E27B989D1C2 /* Resources */,
				0F0F3AF32186817B00547D75 /* Recovered References */,
				A19DCF82DA85A63629A94A5D /* Pods */,
			);
			indentWidth = 2;
			sourceTree = "<group>";
			tabWidth = 2;
			usesTabs = 0;
		};
		83CBBA001A601CBA00E9B192 /* Products */ = {
			isa = PBXGroup;
			children = (
				13B07F961A680F5B00A75B9A /* TellrApp.app */,
				00E356EE1AD99517003FC87E /* TellrAppTests.xctest */,
				2D02E47B1E0B4A5D006451C7 /* TellrApp-tvOS.app */,
				2D02E4901E0B4A5D006451C7 /* TellrApp-tvOSTests.xctest */,
			);
			name = Products;
			sourceTree = "<group>";
		};
		A19DCF82DA85A63629A94A5D /* Pods */ = {
			isa = PBXGroup;
			children = (
				05D5E2338C75CFA801CD6175 /* Pods-TellrApp.debug.xcconfig */,
				03A0C73E281D4E40A282C024 /* Pods-TellrApp.release.xcconfig */,
				9F91A7D45627C3025274638D /* Pods-TellrAppTests.debug.xcconfig */,
				EB1BD9F818A41ACBC254556B /* Pods-TellrAppTests.release.xcconfig */,
			);
			path = Pods;
			sourceTree = "<group>";
		};
/* End PBXGroup section */

/* Begin PBXNativeTarget section */
		00E356ED1AD99517003FC87E /* TellrAppTests */ = {
			isa = PBXNativeTarget;
			buildConfigurationList = 00E357021AD99517003FC87E /* Build configuration list for PBXNativeTarget "TellrAppTests" */;
			buildPhases = (
				BFC439BACCBA02F1DF3FE35E /* [CP] Check Pods Manifest.lock */,
				00E356EA1AD99517003FC87E /* Sources */,
				00E356EB1AD99517003FC87E /* Frameworks */,
				00E356EC1AD99517003FC87E /* Resources */,
			);
			buildRules = (
			);
			dependencies = (
				00E356F51AD99517003FC87E /* PBXTargetDependency */,
			);
			name = TellrAppTests;
			productName = TellrAppTests;
			productReference = 00E356EE1AD99517003FC87E /* TellrAppTests.xctest */;
			productType = "com.apple.product-type.bundle.unit-test";
		};
		13B07F861A680F5B00A75B9A /* TellrApp */ = {
			isa = PBXNativeTarget;
			buildConfigurationList = 13B07F931A680F5B00A75B9A /* Build configuration list for PBXNativeTarget "TellrApp" */;
			buildPhases = (
				E8C67C1DEB9BB6BCA2C10332 /* [CP] Check Pods Manifest.lock */,
				13B07F871A680F5B00A75B9A /* Sources */,
				13B07F8C1A680F5B00A75B9A /* Frameworks */,
				13B07F8E1A680F5B00A75B9A /* Resources */,
				00DD1BFF1BD5951E006B06BC /* Bundle React Native code and images */,
				EA5B140B22078A310059C52F /* Embed App Extensions */,
				FC757ABCC85D793F699E9BBB /* [CP] Copy Pods Resources */,
				AFA4AB1FD6D815FBDE1BE95D /* Upload Bugsnag dSYM */,
			);
			buildRules = (
			);
			dependencies = (
			);
			name = TellrApp;
			productName = "Hello World";
			productReference = 13B07F961A680F5B00A75B9A /* TellrApp.app */;
			productType = "com.apple.product-type.application";
		};
		2D02E47A1E0B4A5D006451C7 /* TellrApp-tvOS */ = {
			isa = PBXNativeTarget;
			buildConfigurationList = 2D02E4BA1E0B4A5E006451C7 /* Build configuration list for PBXNativeTarget "TellrApp-tvOS" */;
			buildPhases = (
				2D02E4771E0B4A5D006451C7 /* Sources */,
				2D02E4781E0B4A5D006451C7 /* Frameworks */,
				2D02E4791E0B4A5D006451C7 /* Resources */,
				2D02E4CB1E0B4B27006451C7 /* Bundle React Native Code And Images */,
			);
			buildRules = (
			);
			dependencies = (
			);
			name = "TellrApp-tvOS";
			productName = "TellrApp-tvOS";
			productReference = 2D02E47B1E0B4A5D006451C7 /* TellrApp-tvOS.app */;
			productType = "com.apple.product-type.application";
		};
		2D02E48F1E0B4A5D006451C7 /* TellrApp-tvOSTests */ = {
			isa = PBXNativeTarget;
			buildConfigurationList = 2D02E4BB1E0B4A5E006451C7 /* Build configuration list for PBXNativeTarget "TellrApp-tvOSTests" */;
			buildPhases = (
				2D02E48C1E0B4A5D006451C7 /* Sources */,
				2D02E48D1E0B4A5D006451C7 /* Frameworks */,
				2D02E48E1E0B4A5D006451C7 /* Resources */,
			);
			buildRules = (
			);
			dependencies = (
				2D02E4921E0B4A5D006451C7 /* PBXTargetDependency */,
			);
			name = "TellrApp-tvOSTests";
			productName = "TellrApp-tvOSTests";
			productReference = 2D02E4901E0B4A5D006451C7 /* TellrApp-tvOSTests.xctest */;
			productType = "com.apple.product-type.bundle.unit-test";
		};
/* End PBXNativeTarget section */

/* Begin PBXProject section */
		83CBB9F71A601CBA00E9B192 /* Project object */ = {
			isa = PBXProject;
			attributes = {
				LastUpgradeCheck = 1010;
				ORGANIZATIONNAME = Facebook;
				TargetAttributes = {
					00E356ED1AD99517003FC87E = {
						CreatedOnToolsVersion = 6.2;
						TestTargetID = 13B07F861A680F5B00A75B9A;
					};
					13B07F861A680F5B00A75B9A = {
						DevelopmentTeam = JQ28K6Y7JE;
						LastSwiftMigration = 1010;
						ProvisioningStyle = Automatic;
						SystemCapabilities = {
							com.apple.ApplicationGroups.iOS = {
								enabled = 1;
							};
							com.apple.BackgroundModes = {
								enabled = 1;
							};
							com.apple.Push = {
								enabled = 1;
							};
						};
					};
					2D02E47A1E0B4A5D006451C7 = {
						CreatedOnToolsVersion = 8.2.1;
						ProvisioningStyle = Automatic;
					};
					2D02E48F1E0B4A5D006451C7 = {
						CreatedOnToolsVersion = 8.2.1;
						ProvisioningStyle = Automatic;
						TestTargetID = 2D02E47A1E0B4A5D006451C7;
					};
				};
			};
			buildConfigurationList = 83CBB9FA1A601CBA00E9B192 /* Build configuration list for PBXProject "TellrApp" */;
			compatibilityVersion = "Xcode 3.2";
			developmentRegion = English;
			hasScannedForEncodings = 0;
			knownRegions = (
				en,
				Base,
			);
			mainGroup = 83CBB9F61A601CBA00E9B192;
			productRefGroup = 83CBBA001A601CBA00E9B192 /* Products */;
			projectDirPath = "";
			projectRoot = "";
			targets = (
				13B07F861A680F5B00A75B9A /* TellrApp */,
				00E356ED1AD99517003FC87E /* TellrAppTests */,
				2D02E47A1E0B4A5D006451C7 /* TellrApp-tvOS */,
				2D02E48F1E0B4A5D006451C7 /* TellrApp-tvOSTests */,
			);
		};
/* End PBXProject section */

/* Begin PBXResourcesBuildPhase section */
		00E356EC1AD99517003FC87E /* Resources */ = {
			isa = PBXResourcesBuildPhase;
			buildActionMask = 2147483647;
			files = (
			);
			runOnlyForDeploymentPostprocessing = 0;
		};
		13B07F8E1A680F5B00A75B9A /* Resources */ = {
			isa = PBXResourcesBuildPhase;
			buildActionMask = 2147483647;
			files = (
				13B07FBF1A68108700A75B9A /* Images.xcassets in Resources */,
				13B07FBD1A68108700A75B9A /* LaunchScreen.xib in Resources */,
				0ABAD856B19040C3A55FAF0C /* Montserrat-Black.ttf in Resources */,
				EA0A2343220384E2000EF809 /* main.jsbundle in Resources */,
				05A9CF6DFAD64A91941AA58B /* Montserrat-BlackItalic.ttf in Resources */,
				082B914DBDFD49B0AF671952 /* Montserrat-Bold.ttf in Resources */,
				6E6EA9226C63443E92AACC36 /* Montserrat-BoldItalic.ttf in Resources */,
				F2426D82DC8340AA9236BB03 /* Montserrat-ExtraBold.ttf in Resources */,
				DA8A2F092D7E457E83387EBE /* Montserrat-ExtraBoldItalic.ttf in Resources */,
				9706A406F5C34B658DAF41EA /* Montserrat-ExtraLight.ttf in Resources */,
				DD6E5DF63590412E80A729D4 /* Montserrat-ExtraLightItalic.ttf in Resources */,
				3A309EFFAAA343D586F51D23 /* Montserrat-Italic.ttf in Resources */,
				4A78CD30971841D9B1537A2F /* Montserrat-Light.ttf in Resources */,
				3929EC8A02A74C9D93AE26F4 /* Montserrat-LightItalic.ttf in Resources */,
				EAA1809222113A5900025734 /* main.storyboard in Resources */,
				2DAAEDD5F44A416DAB26C752 /* Montserrat-Medium.ttf in Resources */,
				5E445EEC31AC41FB8BC9F37F /* Montserrat-MediumItalic.ttf in Resources */,
				7311E4357E9D461D85B79CBE /* Montserrat-Regular.ttf in Resources */,
				8318A57E7B264669BC480747 /* Montserrat-SemiBold.ttf in Resources */,
				8D879E82576D4CA9BAD72BD8 /* Montserrat-SemiBoldItalic.ttf in Resources */,
				6DF6B37352A144F6A454B8B4 /* Montserrat-Thin.ttf in Resources */,
				CCE7B2C90D954AF699CBD01A /* Montserrat-ThinItalic.ttf in Resources */,
				35367C1D0D354AEFA2BA991A /* AntDesign.ttf in Resources */,
				9BCFD60D8CAC47EBBA3EADFF /* Entypo.ttf in Resources */,
				A8E0C5714D1D4283A7E7DB7F /* EvilIcons.ttf in Resources */,
				EA776C41222EFF620036FCA8 /* assets in Resources */,
				DF36E6E698EE4E26BCC0CBFF /* Feather.ttf in Resources */,
				2C483AE6EA1E41C39FA5B33E /* FontAwesome.ttf in Resources */,
				BD2599038525454194F0FB52 /* FontAwesome5_Brands.ttf in Resources */,
				783A8764365044ACA89C8C69 /* FontAwesome5_Regular.ttf in Resources */,
				7B4FB48D47B84E5FB2D12051 /* FontAwesome5_Solid.ttf in Resources */,
				EAA1809322113A5900025734 /* LauncScreen.storyboard in Resources */,
				67A752CF34EF431CA9E30919 /* Foundation.ttf in Resources */,
				F537BACA47EE4D0287E9C1AC /* Ionicons.ttf in Resources */,
				448362A9221145570008D0AC /* Tellr-Logo.gif in Resources */,
				B8571AE907F44BE9B01A2F41 /* MaterialCommunityIcons.ttf in Resources */,
				97AEA00C67F94FD681353C79 /* MaterialIcons.ttf in Resources */,
				DE45CAC59BEA49A987C54D04 /* Octicons.ttf in Resources */,
				CF8E2B20B4184F0D9809AA0F /* SimpleLineIcons.ttf in Resources */,
				8A49212AAABB4F69889CCD30 /* Zocial.ttf in Resources */,
				35D944451232488B95EDCBC6 /* SignPainter.otf in Resources */,
				8BB67B62A3B449538B232FE9 /* bill.png in Resources */,
				24321E2777A441EDAFEB37C0 /* boy-1.png in Resources */,
				BA5FACBF98134723A3C9C8BB /* boy-10.png in Resources */,
				49962F9FC4B54B0587284F04 /* boy-11.png in Resources */,
				C7DD28F90BC64185B8A6A086 /* boy-12.png in Resources */,
				F4E7F01AF5924EECA1FD74D4 /* boy-13.png in Resources */,
				B7E1C3F6CF7D4017B1B4E31A /* boy-14.png in Resources */,
				7E63A57787F747A895D8B159 /* boy-15.png in Resources */,
				25EF5596C4604EA99C5BE069 /* boy-16.png in Resources */,
				356255336BA74C8DA4BEC81E /* boy-17.png in Resources */,
				24699B35C4E044FEAA4E8000 /* boy-18.png in Resources */,
				2C6CBC219F80456291233A3E /* boy-19.png in Resources */,
				A359041EF07C4064BC0133B0 /* boy-2.png in Resources */,
				35529E42270B4ED7A87974CC /* boy-20.png in Resources */,
				9A31FAB6C8C54C7EA113E401 /* boy-21.png in Resources */,
				F8677284A94548FD8F5DDADB /* boy-22.png in Resources */,
				CA90E2906CC2487F986E7BE5 /* boy-3.png in Resources */,
				18E6993CE1C3429C90A5D9BA /* boy-4.png in Resources */,
				1658FA1F42F1455D8031E2BF /* boy-5.png in Resources */,
				A42F2AB425B6421D8904D50D /* boy-6.png in Resources */,
				2BA17F381C9F4CF68378B38E /* boy-7.png in Resources */,
				9AC8F3F403E9432A876C8708 /* boy-8.png in Resources */,
				EF1EF403F2E14A28ADFAF0BE /* boy-9.png in Resources */,
				832748695FEC4127AB39E444 /* boy.png in Resources */,
				DECE99071BC64E25B17CB33C /* broom.png in Resources */,
				F1AC3B322CB6487E94DB4C0B /* coin.png in Resources */,
				57C9BDF5853C488B9DF006ED /* girl-1.png in Resources */,
				FA33CD88E32D44E9AE34C01D /* girl-10.png in Resources */,
				647EAA9AD3B04EE3AEE79EF9 /* girl-11.png in Resources */,
				279E2CF63B0D48439D27E19A /* girl-12.png in Resources */,
				81E70201CF6940C0B79D695C /* girl-13.png in Resources */,
				7CAEAB7A7D9040DB9FC9C47F /* girl-14.png in Resources */,
				84F07FC562FB45F3ACB40192 /* girl-15.png in Resources */,
				F613F105F43D432E982BE24E /* girl-16.png in Resources */,
				A7AC0C1176284002A371DF5A /* girl-17.png in Resources */,
				304D892D08264629BDC05CA5 /* girl-18.png in Resources */,
				5CD64557628E45BCA6E4BB9D /* girl-19.png in Resources */,
				9BEF752BE64B4A1BB5768729 /* girl-2.png in Resources */,
				21199FCC97F74A819B4DD584 /* girl-20.png in Resources */,
				145323DE7E3B4941928D5774 /* girl-21.png in Resources */,
				8FAE5FDCD5864BC295545A14 /* girl-22.png in Resources */,
				3B0B7D6D1A55489A98E69D06 /* girl-23.png in Resources */,
				5478CC29167547729DD665AD /* girl-24.png in Resources */,
				B4B7565ED29E4322A59DD992 /* girl-25.png in Resources */,
				EB7AEE9D5FB44267B234F500 /* girl-26.png in Resources */,
				7ADE6F7235314DC6B9C5AFE7 /* girl-3.png in Resources */,
				8A86212B6D9B442191BC8A3A /* girl-4.png in Resources */,
				F2A225724393429F97C4A44D /* girl-5.png in Resources */,
				D35B17723527450EA3E7EC66 /* girl-6.png in Resources */,
				4404E97E5D184F2CA45AE6DA /* girl-7.png in Resources */,
				ADD041499325417490DBE0A7 /* girl-8.png in Resources */,
				1EDC65F6BA904A55A5C66961 /* girl-9.png in Resources */,
				8097321A68D6437FABDA093F /* girl.png in Resources */,
				46F9DD295754417A9B7EEFF0 /* kids.png in Resources */,
				CECA53C0B0DD46AD9DDB6D09 /* logo.svg in Resources */,
				F7171F2744644D0980790E3C /* mop.png in Resources */,
				093037B71C784A35A7D0E2EC /* superBoy.png in Resources */,
				83F639CE9E1F463496957310 /* superGirl.png in Resources */,
				33D8195054A6419EB55F302B /* Tellr Logo.psd in Resources */,
			);
			runOnlyForDeploymentPostprocessing = 0;
		};
		2D02E4791E0B4A5D006451C7 /* Resources */ = {
			isa = PBXResourcesBuildPhase;
			buildActionMask = 2147483647;
			files = (
				2D02E4BD1E0B4A84006451C7 /* Images.xcassets in Resources */,
			);
			runOnlyForDeploymentPostprocessing = 0;
		};
		2D02E48E1E0B4A5D006451C7 /* Resources */ = {
			isa = PBXResourcesBuildPhase;
			buildActionMask = 2147483647;
			files = (
			);
			runOnlyForDeploymentPostprocessing = 0;
		};
/* End PBXResourcesBuildPhase section */

/* Begin PBXShellScriptBuildPhase section */
		00DD1BFF1BD5951E006B06BC /* Bundle React Native code and images */ = {
			isa = PBXShellScriptBuildPhase;
			buildActionMask = 2147483647;
			files = (
			);
			inputPaths = (
			);
			name = "Bundle React Native code and images";
			outputPaths = (
			);
			runOnlyForDeploymentPostprocessing = 0;
			shellPath = /bin/sh;
			shellScript = "export NODE_BINARY=node\n../node_modules/react-native/scripts/react-native-xcode.sh\n";
		};
		2D02E4CB1E0B4B27006451C7 /* Bundle React Native Code And Images */ = {
			isa = PBXShellScriptBuildPhase;
			buildActionMask = 2147483647;
			files = (
			);
			inputPaths = (
			);
			name = "Bundle React Native Code And Images";
			outputPaths = (
			);
			runOnlyForDeploymentPostprocessing = 0;
			shellPath = /bin/sh;
			shellScript = "export NODE_BINARY=node\n../node_modules/react-native/scripts/react-native-xcode.sh";
		};
		AFA4AB1FD6D815FBDE1BE95D /* Upload Bugsnag dSYM */ = {
			isa = PBXShellScriptBuildPhase;
			buildActionMask = 2147483647;
			files = (
			);
			inputFileListPaths = (
			);
			inputPaths = (
			);
			name = "Upload Bugsnag dSYM";
			outputFileListPaths = (
			);
			outputPaths = (
			);
			runOnlyForDeploymentPostprocessing = 0;
			shellPath = "/usr/bin/env ruby";
			shellScript = "# First, attempt to get the API key from an environment variable\napi_key = ENV[\"BUGSNAG_API_KEY\"]\n\n# If not present, attempt to lookup the value from the Info.plist\nif !api_key\n  default_info_plist_location = Dir.glob(\"./{ios/,}*/Info.plist\").reject {|path| path =~ /build|test/i }\n  plist_buddy_response = `/usr/libexec/PlistBuddy -c \"print :BugsnagAPIKey\" \"#{default_info_plist_location.first}\"`\n  api_key = plist_buddy_response if $?.success?\nend\n\nfork do\n  Process.setsid\n  STDIN.reopen(\"/dev/null\")\n  STDOUT.reopen(\"/dev/null\", \"a\")\n  STDERR.reopen(\"/dev/null\", \"a\")\n\n  require 'shellwords'\n\n  Dir[\"#{ENV[\"DWARF_DSYM_FOLDER_PATH\"]}/*/Contents/Resources/DWARF/*\"].each do |dsym|\n    curl_command = \"curl -F dsym=@#{Shellwords.escape(dsym)} -F projectRoot=#{Shellwords.escape(ENV[\"PROJECT_DIR\"])} \"\n    curl_command += \"-F apiKey=#{Shellwords.escape(api_key)} \" if api_key\n    curl_command += \"https://upload.bugsnag.com/\"\n    system(curl_command)\n  end\nend\n";
			showEnvVarsInLog = 0;
		};
		BFC439BACCBA02F1DF3FE35E /* [CP] Check Pods Manifest.lock */ = {
			isa = PBXShellScriptBuildPhase;
			buildActionMask = 2147483647;
			files = (
			);
			inputFileListPaths = (
			);
			inputPaths = (
				"${PODS_PODFILE_DIR_PATH}/Podfile.lock",
				"${PODS_ROOT}/Manifest.lock",
			);
			name = "[CP] Check Pods Manifest.lock";
			outputFileListPaths = (
			);
			outputPaths = (
				"$(DERIVED_FILE_DIR)/Pods-TellrAppTests-checkManifestLockResult.txt",
			);
			runOnlyForDeploymentPostprocessing = 0;
			shellPath = /bin/sh;
			shellScript = "diff \"${PODS_PODFILE_DIR_PATH}/Podfile.lock\" \"${PODS_ROOT}/Manifest.lock\" > /dev/null\nif [ $? != 0 ] ; then\n    # print error to STDERR\n    echo \"error: The sandbox is not in sync with the Podfile.lock. Run 'pod install' or update your CocoaPods installation.\" >&2\n    exit 1\nfi\n# This output is used by Xcode 'outputs' to avoid re-running this script phase.\necho \"SUCCESS\" > \"${SCRIPT_OUTPUT_FILE_0}\"\n";
			showEnvVarsInLog = 0;
		};
		E8C67C1DEB9BB6BCA2C10332 /* [CP] Check Pods Manifest.lock */ = {
			isa = PBXShellScriptBuildPhase;
			buildActionMask = 2147483647;
			files = (
			);
			inputFileListPaths = (
			);
			inputPaths = (
				"${PODS_PODFILE_DIR_PATH}/Podfile.lock",
				"${PODS_ROOT}/Manifest.lock",
			);
			name = "[CP] Check Pods Manifest.lock";
			outputFileListPaths = (
			);
			outputPaths = (
				"$(DERIVED_FILE_DIR)/Pods-TellrApp-checkManifestLockResult.txt",
			);
			runOnlyForDeploymentPostprocessing = 0;
			shellPath = /bin/sh;
			shellScript = "diff \"${PODS_PODFILE_DIR_PATH}/Podfile.lock\" \"${PODS_ROOT}/Manifest.lock\" > /dev/null\nif [ $? != 0 ] ; then\n    # print error to STDERR\n    echo \"error: The sandbox is not in sync with the Podfile.lock. Run 'pod install' or update your CocoaPods installation.\" >&2\n    exit 1\nfi\n# This output is used by Xcode 'outputs' to avoid re-running this script phase.\necho \"SUCCESS\" > \"${SCRIPT_OUTPUT_FILE_0}\"\n";
			showEnvVarsInLog = 0;
		};
		FC757ABCC85D793F699E9BBB /* [CP] Copy Pods Resources */ = {
			isa = PBXShellScriptBuildPhase;
			buildActionMask = 2147483647;
			files = (
			);
			inputFileListPaths = (
			);
			inputPaths = (
				"${PODS_ROOT}/Target Support Files/Pods-TellrApp/Pods-TellrApp-resources.sh",
				"${PODS_ROOT}/../../node_modules/react-native-vector-icons/Fonts/AntDesign.ttf",
				"${PODS_ROOT}/../../node_modules/react-native-vector-icons/Fonts/Entypo.ttf",
				"${PODS_ROOT}/../../node_modules/react-native-vector-icons/Fonts/EvilIcons.ttf",
				"${PODS_ROOT}/../../node_modules/react-native-vector-icons/Fonts/Feather.ttf",
				"${PODS_ROOT}/../../node_modules/react-native-vector-icons/Fonts/FontAwesome.ttf",
				"${PODS_ROOT}/../../node_modules/react-native-vector-icons/Fonts/FontAwesome5_Brands.ttf",
				"${PODS_ROOT}/../../node_modules/react-native-vector-icons/Fonts/FontAwesome5_Regular.ttf",
				"${PODS_ROOT}/../../node_modules/react-native-vector-icons/Fonts/FontAwesome5_Solid.ttf",
				"${PODS_ROOT}/../../node_modules/react-native-vector-icons/Fonts/Foundation.ttf",
				"${PODS_ROOT}/../../node_modules/react-native-vector-icons/Fonts/Ionicons.ttf",
				"${PODS_ROOT}/../../node_modules/react-native-vector-icons/Fonts/MaterialCommunityIcons.ttf",
				"${PODS_ROOT}/../../node_modules/react-native-vector-icons/Fonts/MaterialIcons.ttf",
				"${PODS_ROOT}/../../node_modules/react-native-vector-icons/Fonts/Octicons.ttf",
				"${PODS_ROOT}/../../node_modules/react-native-vector-icons/Fonts/SimpleLineIcons.ttf",
				"${PODS_ROOT}/../../node_modules/react-native-vector-icons/Fonts/Zocial.ttf",
			);
			name = "[CP] Copy Pods Resources";
			outputFileListPaths = (
			);
			outputPaths = (
				"${TARGET_BUILD_DIR}/${UNLOCALIZED_RESOURCES_FOLDER_PATH}/AntDesign.ttf",
				"${TARGET_BUILD_DIR}/${UNLOCALIZED_RESOURCES_FOLDER_PATH}/Entypo.ttf",
				"${TARGET_BUILD_DIR}/${UNLOCALIZED_RESOURCES_FOLDER_PATH}/EvilIcons.ttf",
				"${TARGET_BUILD_DIR}/${UNLOCALIZED_RESOURCES_FOLDER_PATH}/Feather.ttf",
				"${TARGET_BUILD_DIR}/${UNLOCALIZED_RESOURCES_FOLDER_PATH}/FontAwesome.ttf",
				"${TARGET_BUILD_DIR}/${UNLOCALIZED_RESOURCES_FOLDER_PATH}/FontAwesome5_Brands.ttf",
				"${TARGET_BUILD_DIR}/${UNLOCALIZED_RESOURCES_FOLDER_PATH}/FontAwesome5_Regular.ttf",
				"${TARGET_BUILD_DIR}/${UNLOCALIZED_RESOURCES_FOLDER_PATH}/FontAwesome5_Solid.ttf",
				"${TARGET_BUILD_DIR}/${UNLOCALIZED_RESOURCES_FOLDER_PATH}/Foundation.ttf",
				"${TARGET_BUILD_DIR}/${UNLOCALIZED_RESOURCES_FOLDER_PATH}/Ionicons.ttf",
				"${TARGET_BUILD_DIR}/${UNLOCALIZED_RESOURCES_FOLDER_PATH}/MaterialCommunityIcons.ttf",
				"${TARGET_BUILD_DIR}/${UNLOCALIZED_RESOURCES_FOLDER_PATH}/MaterialIcons.ttf",
				"${TARGET_BUILD_DIR}/${UNLOCALIZED_RESOURCES_FOLDER_PATH}/Octicons.ttf",
				"${TARGET_BUILD_DIR}/${UNLOCALIZED_RESOURCES_FOLDER_PATH}/SimpleLineIcons.ttf",
				"${TARGET_BUILD_DIR}/${UNLOCALIZED_RESOURCES_FOLDER_PATH}/Zocial.ttf",
			);
			runOnlyForDeploymentPostprocessing = 0;
			shellPath = /bin/sh;
			shellScript = "\"${PODS_ROOT}/Target Support Files/Pods-TellrApp/Pods-TellrApp-resources.sh\"\n";
			showEnvVarsInLog = 0;
		};
/* End PBXShellScriptBuildPhase section */

/* Begin PBXSourcesBuildPhase section */
		00E356EA1AD99517003FC87E /* Sources */ = {
			isa = PBXSourcesBuildPhase;
			buildActionMask = 2147483647;
			files = (
				EA6C62792219FC6900DFC83B /* AppDelegate.m in Sources */,
				00E356F31AD99517003FC87E /* TellrAppTests.m in Sources */,
			);
			runOnlyForDeploymentPostprocessing = 0;
		};
		13B07F871A680F5B00A75B9A /* Sources */ = {
			isa = PBXSourcesBuildPhase;
			buildActionMask = 2147483647;
			files = (
				EAA1809622113A7900025734 /* ViewController.swift in Sources */,
				13B07FBC1A68108700A75B9A /* AppDelegate.m in Sources */,
				13B07FC11A68108700A75B9A /* main.m in Sources */,
			);
			runOnlyForDeploymentPostprocessing = 0;
		};
		2D02E4771E0B4A5D006451C7 /* Sources */ = {
			isa = PBXSourcesBuildPhase;
			buildActionMask = 2147483647;
			files = (
				2D02E4BF1E0B4AB3006451C7 /* main.m in Sources */,
			);
			runOnlyForDeploymentPostprocessing = 0;
		};
		2D02E48C1E0B4A5D006451C7 /* Sources */ = {
			isa = PBXSourcesBuildPhase;
			buildActionMask = 2147483647;
			files = (
			);
			runOnlyForDeploymentPostprocessing = 0;
		};
/* End PBXSourcesBuildPhase section */

/* Begin PBXTargetDependency section */
		00E356F51AD99517003FC87E /* PBXTargetDependency */ = {
			isa = PBXTargetDependency;
			target = 13B07F861A680F5B00A75B9A /* TellrApp */;
			targetProxy = 00E356F41AD99517003FC87E /* PBXContainerItemProxy */;
		};
		2D02E4921E0B4A5D006451C7 /* PBXTargetDependency */ = {
			isa = PBXTargetDependency;
			target = 2D02E47A1E0B4A5D006451C7 /* TellrApp-tvOS */;
			targetProxy = 2D02E4911E0B4A5D006451C7 /* PBXContainerItemProxy */;
		};
/* End PBXTargetDependency section */

/* Begin PBXVariantGroup section */
		13B07FB11A68108700A75B9A /* LaunchScreen.xib */ = {
			isa = PBXVariantGroup;
			children = (
				13B07FB21A68108700A75B9A /* Base */,
			);
			name = LaunchScreen.xib;
			path = TellrApp;
			sourceTree = "<group>";
		};
/* End PBXVariantGroup section */

/* Begin XCBuildConfiguration section */
		00E356F61AD99517003FC87E /* Debug */ = {
			isa = XCBuildConfiguration;
			baseConfigurationReference = 9F91A7D45627C3025274638D /* Pods-TellrAppTests.debug.xcconfig */;
			buildSettings = {
				ALWAYS_EMBED_SWIFT_STANDARD_LIBRARIES = YES;
				BUNDLE_LOADER = "$(TEST_HOST)";
				GCC_PREPROCESSOR_DEFINITIONS = (
					"DEBUG=1",
					"$(inherited)",
				);
				HEADER_SEARCH_PATHS = (
					"$(inherited)",
					"$(SRCROOT)/../node_modules/react-native-linear-gradient/BVLinearGradient",
					"$(SRCROOT)/../node_modules/react-native-image-picker/ios",
					"$(SRCROOT)/../node_modules/react-native-sound/RNSound",
					"$(SRCROOT)/../node_modules/react-native-gesture-handler/ios/**",
					"$(SRCROOT)/../node_modules/react-native-vector-icons/RNVectorIconsManager",
					"$(SRCROOT)/../node_modules/react-native-svg/ios/**",
				);
				INFOPLIST_FILE = TellrAppTests/Info.plist;
				IPHONEOS_DEPLOYMENT_TARGET = 9.0;
				LD_RUNPATH_SEARCH_PATHS = "$(inherited) @executable_path/Frameworks @loader_path/Frameworks";
				LIBRARY_SEARCH_PATHS = "$(inherited)";
				OTHER_LDFLAGS = (
					"-ObjC",
					"-lc++",
					"$(inherited)",
				);
				PRODUCT_BUNDLE_IDENTIFIER = "org.reactjs.native.example.$(PRODUCT_NAME:rfc1034identifier)";
				PRODUCT_NAME = "$(TARGET_NAME)";
				TEST_HOST = "$(BUILT_PRODUCTS_DIR)/TellrApp.app/TellrApp";
			};
			name = Debug;
		};
		00E356F71AD99517003FC87E /* Release */ = {
			isa = XCBuildConfiguration;
			baseConfigurationReference = EB1BD9F818A41ACBC254556B /* Pods-TellrAppTests.release.xcconfig */;
			buildSettings = {
				ALWAYS_EMBED_SWIFT_STANDARD_LIBRARIES = YES;
				BUNDLE_LOADER = "$(TEST_HOST)";
				COPY_PHASE_STRIP = NO;
				HEADER_SEARCH_PATHS = (
					"$(inherited)",
					"$(SRCROOT)/../node_modules/react-native-linear-gradient/BVLinearGradient",
					"$(SRCROOT)/../node_modules/react-native-image-picker/ios",
					"$(SRCROOT)/../node_modules/react-native-sound/RNSound",
					"$(SRCROOT)/../node_modules/react-native-gesture-handler/ios/**",
					"$(SRCROOT)/../node_modules/react-native-vector-icons/RNVectorIconsManager",
					"$(SRCROOT)/../node_modules/react-native-svg/ios/**",
				);
				INFOPLIST_FILE = TellrAppTests/Info.plist;
				IPHONEOS_DEPLOYMENT_TARGET = 9.0;
				LD_RUNPATH_SEARCH_PATHS = "$(inherited) @executable_path/Frameworks @loader_path/Frameworks";
				LIBRARY_SEARCH_PATHS = "$(inherited)";
				OTHER_LDFLAGS = (
					"-ObjC",
					"-lc++",
					"$(inherited)",
				);
				PRODUCT_BUNDLE_IDENTIFIER = "org.reactjs.native.example.$(PRODUCT_NAME:rfc1034identifier)";
				PRODUCT_NAME = "$(TARGET_NAME)";
				TEST_HOST = "$(BUILT_PRODUCTS_DIR)/TellrApp.app/TellrApp";
			};
			name = Release;
		};
		13B07F941A680F5B00A75B9A /* Debug */ = {
			isa = XCBuildConfiguration;
			baseConfigurationReference = 05D5E2338C75CFA801CD6175 /* Pods-TellrApp.debug.xcconfig */;
			buildSettings = {
				ASSETCATALOG_COMPILER_APPICON_NAME = AppIcon;
				CLANG_ENABLE_MODULES = YES;
				CODE_SIGN_ENTITLEMENTS = TellrApp/TellrApp.entitlements;
				CODE_SIGN_IDENTITY = "iPhone Developer";
				CODE_SIGN_STYLE = Automatic;
				CURRENT_PROJECT_VERSION = 31;
				DEAD_CODE_STRIPPING = NO;
				DEVELOPMENT_TEAM = JQ28K6Y7JE;
				HEADER_SEARCH_PATHS = (
					"$(inherited)",
					"$(SRCROOT)/../node_modules/react-native-linear-gradient/BVLinearGradient",
					"$(SRCROOT)/../node_modules/react-native-image-picker/ios",
					"$(SRCROOT)/../node_modules/react-native-sound/RNSound",
					"$(SRCROOT)/../node_modules/react-native-gesture-handler/ios",
					"$(SRCROOT)/../node_modules/react-native-vector-icons/RNVectorIconsManager",
					"$(SRCROOT)/../node_modules/react-native-svg/ios",
				);
				INFOPLIST_FILE = TellrApp/Info.plist;
				IPHONEOS_DEPLOYMENT_TARGET = 9.0;
				LD_RUNPATH_SEARCH_PATHS = "$(inherited) @executable_path/Frameworks";
				OTHER_LDFLAGS = (
					"$(inherited)",
					"-ObjC",
					"-lc++",
				);
				PRODUCT_BUNDLE_IDENTIFIER = "edu.dartmouth.Tellr-App";
				PRODUCT_NAME = TellrApp;
				PROVISIONING_PROFILE_SPECIFIER = "";
				SWIFT_OBJC_BRIDGING_HEADER = "TellrApp-Bridging-Header.h";
				SWIFT_OPTIMIZATION_LEVEL = "-Onone";
				SWIFT_VERSION = 4.2;
				TARGETED_DEVICE_FAMILY = 1;
				VERSIONING_SYSTEM = "apple-generic";
			};
			name = Debug;
		};
		13B07F951A680F5B00A75B9A /* Release */ = {
			isa = XCBuildConfiguration;
			baseConfigurationReference = 03A0C73E281D4E40A282C024 /* Pods-TellrApp.release.xcconfig */;
			buildSettings = {
				ASSETCATALOG_COMPILER_APPICON_NAME = AppIcon;
				CLANG_ENABLE_MODULES = YES;
				CODE_SIGN_ENTITLEMENTS = TellrApp/TellrApp.entitlements;
				CODE_SIGN_IDENTITY = "iPhone Developer";
				CODE_SIGN_STYLE = Automatic;
				CURRENT_PROJECT_VERSION = 31;
				DEVELOPMENT_TEAM = JQ28K6Y7JE;
				HEADER_SEARCH_PATHS = (
					"$(inherited)",
					"$(SRCROOT)/../node_modules/react-native-linear-gradient/BVLinearGradient",
					"$(SRCROOT)/../node_modules/react-native-image-picker/ios",
					"$(SRCROOT)/../node_modules/react-native-sound/RNSound",
					"$(SRCROOT)/../node_modules/react-native-gesture-handler/ios",
					"$(SRCROOT)/../node_modules/react-native-vector-icons/RNVectorIconsManager",
					"$(SRCROOT)/../node_modules/react-native-svg/ios",
				);
				INFOPLIST_FILE = TellrApp/Info.plist;
				IPHONEOS_DEPLOYMENT_TARGET = 9.0;
				LD_RUNPATH_SEARCH_PATHS = "$(inherited) @executable_path/Frameworks";
				OTHER_LDFLAGS = (
					"$(inherited)",
					"-ObjC",
					"-lc++",
				);
				PRODUCT_BUNDLE_IDENTIFIER = "edu.dartmouth.Tellr-App";
				PRODUCT_NAME = TellrApp;
				PROVISIONING_PROFILE_SPECIFIER = "";
				SWIFT_OBJC_BRIDGING_HEADER = "TellrApp-Bridging-Header.h";
				SWIFT_VERSION = 4.2;
				TARGETED_DEVICE_FAMILY = 1;
				VERSIONING_SYSTEM = "apple-generic";
			};
			name = Release;
		};
		2D02E4971E0B4A5E006451C7 /* Debug */ = {
			isa = XCBuildConfiguration;
			buildSettings = {
				ASSETCATALOG_COMPILER_APPICON_NAME = "App Icon & Top Shelf Image";
				ASSETCATALOG_COMPILER_LAUNCHIMAGE_NAME = LaunchImage;
				CLANG_ANALYZER_NONNULL = YES;
				CLANG_WARN_DOCUMENTATION_COMMENTS = YES;
				CLANG_WARN_INFINITE_RECURSION = YES;
				CLANG_WARN_SUSPICIOUS_MOVE = YES;
				DEBUG_INFORMATION_FORMAT = dwarf;
				ENABLE_TESTABILITY = YES;
				GCC_NO_COMMON_BLOCKS = YES;
				HEADER_SEARCH_PATHS = (
					"$(inherited)",
					"$(SRCROOT)/../node_modules/react-native-linear-gradient/BVLinearGradient",
					"$(SRCROOT)/../node_modules/react-native-image-picker/ios",
					"$(SRCROOT)/../node_modules/react-native-sound/RNSound",
					"$(SRCROOT)/../node_modules/react-native-gesture-handler/ios/**",
					"$(SRCROOT)/../node_modules/react-native-vector-icons/RNVectorIconsManager",
					"$(SRCROOT)/../node_modules/react-native-svg/ios/**",
				);
				INFOPLIST_FILE = "TellrApp-tvOS/Info.plist";
				LD_RUNPATH_SEARCH_PATHS = "$(inherited) @executable_path/Frameworks";
				LIBRARY_SEARCH_PATHS = "$(inherited)";
				OTHER_LDFLAGS = (
					"-ObjC",
					"-lc++",
				);
				PRODUCT_BUNDLE_IDENTIFIER = "com.facebook.REACT.TellrApp-tvOS";
				PRODUCT_NAME = "$(TARGET_NAME)";
				SDKROOT = appletvos;
				TARGETED_DEVICE_FAMILY = 3;
				TVOS_DEPLOYMENT_TARGET = 9.2;
			};
			name = Debug;
		};
		2D02E4981E0B4A5E006451C7 /* Release */ = {
			isa = XCBuildConfiguration;
			buildSettings = {
				ASSETCATALOG_COMPILER_APPICON_NAME = "App Icon & Top Shelf Image";
				ASSETCATALOG_COMPILER_LAUNCHIMAGE_NAME = LaunchImage;
				CLANG_ANALYZER_NONNULL = YES;
				CLANG_WARN_DOCUMENTATION_COMMENTS = YES;
				CLANG_WARN_INFINITE_RECURSION = YES;
				CLANG_WARN_SUSPICIOUS_MOVE = YES;
				COPY_PHASE_STRIP = NO;
				DEBUG_INFORMATION_FORMAT = "dwarf-with-dsym";
				GCC_NO_COMMON_BLOCKS = YES;
				HEADER_SEARCH_PATHS = (
					"$(inherited)",
					"$(SRCROOT)/../node_modules/react-native-linear-gradient/BVLinearGradient",
					"$(SRCROOT)/../node_modules/react-native-image-picker/ios",
					"$(SRCROOT)/../node_modules/react-native-sound/RNSound",
					"$(SRCROOT)/../node_modules/react-native-gesture-handler/ios/**",
					"$(SRCROOT)/../node_modules/react-native-vector-icons/RNVectorIconsManager",
					"$(SRCROOT)/../node_modules/react-native-svg/ios/**",
				);
				INFOPLIST_FILE = "TellrApp-tvOS/Info.plist";
				LD_RUNPATH_SEARCH_PATHS = "$(inherited) @executable_path/Frameworks";
				LIBRARY_SEARCH_PATHS = "$(inherited)";
				OTHER_LDFLAGS = (
					"-ObjC",
					"-lc++",
				);
				PRODUCT_BUNDLE_IDENTIFIER = "com.facebook.REACT.TellrApp-tvOS";
				PRODUCT_NAME = "$(TARGET_NAME)";
				SDKROOT = appletvos;
				TARGETED_DEVICE_FAMILY = 3;
				TVOS_DEPLOYMENT_TARGET = 9.2;
			};
			name = Release;
		};
		2D02E4991E0B4A5E006451C7 /* Debug */ = {
			isa = XCBuildConfiguration;
			buildSettings = {
				BUNDLE_LOADER = "$(TEST_HOST)";
				CLANG_ANALYZER_NONNULL = YES;
				CLANG_WARN_DOCUMENTATION_COMMENTS = YES;
				CLANG_WARN_INFINITE_RECURSION = YES;
				CLANG_WARN_SUSPICIOUS_MOVE = YES;
				DEBUG_INFORMATION_FORMAT = dwarf;
				ENABLE_TESTABILITY = YES;
				GCC_NO_COMMON_BLOCKS = YES;
				HEADER_SEARCH_PATHS = (
					"$(inherited)",
					"$(SRCROOT)/../node_modules/react-native-linear-gradient/BVLinearGradient",
					"$(SRCROOT)/../node_modules/react-native-image-picker/ios",
					"$(SRCROOT)/../node_modules/react-native-sound/RNSound",
					"$(SRCROOT)/../node_modules/react-native-gesture-handler/ios/**",
					"$(SRCROOT)/../node_modules/react-native-vector-icons/RNVectorIconsManager",
					"$(SRCROOT)/../node_modules/react-native-svg/ios/**",
				);
				INFOPLIST_FILE = "TellrApp-tvOSTests/Info.plist";
				LD_RUNPATH_SEARCH_PATHS = "$(inherited) @executable_path/Frameworks @loader_path/Frameworks";
				LIBRARY_SEARCH_PATHS = "$(inherited)";
				OTHER_LDFLAGS = (
					"-ObjC",
					"-lc++",
				);
				PRODUCT_BUNDLE_IDENTIFIER = "com.facebook.REACT.TellrApp-tvOSTests";
				PRODUCT_NAME = "$(TARGET_NAME)";
				SDKROOT = appletvos;
				TEST_HOST = "$(BUILT_PRODUCTS_DIR)/TellrApp-tvOS.app/TellrApp-tvOS";
				TVOS_DEPLOYMENT_TARGET = 10.1;
			};
			name = Debug;
		};
		2D02E49A1E0B4A5E006451C7 /* Release */ = {
			isa = XCBuildConfiguration;
			buildSettings = {
				BUNDLE_LOADER = "$(TEST_HOST)";
				CLANG_ANALYZER_NONNULL = YES;
				CLANG_WARN_DOCUMENTATION_COMMENTS = YES;
				CLANG_WARN_INFINITE_RECURSION = YES;
				CLANG_WARN_SUSPICIOUS_MOVE = YES;
				COPY_PHASE_STRIP = NO;
				DEBUG_INFORMATION_FORMAT = "dwarf-with-dsym";
				GCC_NO_COMMON_BLOCKS = YES;
				HEADER_SEARCH_PATHS = (
					"$(inherited)",
					"$(SRCROOT)/../node_modules/react-native-linear-gradient/BVLinearGradient",
					"$(SRCROOT)/../node_modules/react-native-image-picker/ios",
					"$(SRCROOT)/../node_modules/react-native-sound/RNSound",
					"$(SRCROOT)/../node_modules/react-native-gesture-handler/ios/**",
					"$(SRCROOT)/../node_modules/react-native-vector-icons/RNVectorIconsManager",
					"$(SRCROOT)/../node_modules/react-native-svg/ios/**",
				);
				INFOPLIST_FILE = "TellrApp-tvOSTests/Info.plist";
				LD_RUNPATH_SEARCH_PATHS = "$(inherited) @executable_path/Frameworks @loader_path/Frameworks";
				LIBRARY_SEARCH_PATHS = "$(inherited)";
				OTHER_LDFLAGS = (
					"-ObjC",
					"-lc++",
				);
				PRODUCT_BUNDLE_IDENTIFIER = "com.facebook.REACT.TellrApp-tvOSTests";
				PRODUCT_NAME = "$(TARGET_NAME)";
				SDKROOT = appletvos;
				TEST_HOST = "$(BUILT_PRODUCTS_DIR)/TellrApp-tvOS.app/TellrApp-tvOS";
				TVOS_DEPLOYMENT_TARGET = 10.1;
			};
			name = Release;
		};
		83CBBA201A601CBA00E9B192 /* Debug */ = {
			isa = XCBuildConfiguration;
			buildSettings = {
				ALWAYS_SEARCH_USER_PATHS = NO;
				CLANG_CXX_LANGUAGE_STANDARD = "gnu++0x";
				CLANG_CXX_LIBRARY = "libc++";
				CLANG_ENABLE_MODULES = YES;
				CLANG_ENABLE_OBJC_ARC = YES;
				CLANG_WARN_BLOCK_CAPTURE_AUTORELEASING = YES;
				CLANG_WARN_BOOL_CONVERSION = YES;
				CLANG_WARN_COMMA = YES;
				CLANG_WARN_CONSTANT_CONVERSION = YES;
				CLANG_WARN_DEPRECATED_OBJC_IMPLEMENTATIONS = YES;
				CLANG_WARN_DIRECT_OBJC_ISA_USAGE = YES_ERROR;
				CLANG_WARN_EMPTY_BODY = YES;
				CLANG_WARN_ENUM_CONVERSION = YES;
				CLANG_WARN_INFINITE_RECURSION = YES;
				CLANG_WARN_INT_CONVERSION = YES;
				CLANG_WARN_NON_LITERAL_NULL_CONVERSION = YES;
				CLANG_WARN_OBJC_IMPLICIT_RETAIN_SELF = YES;
				CLANG_WARN_OBJC_LITERAL_CONVERSION = YES;
				CLANG_WARN_OBJC_ROOT_CLASS = YES_ERROR;
				CLANG_WARN_RANGE_LOOP_ANALYSIS = YES;
				CLANG_WARN_STRICT_PROTOTYPES = YES;
				CLANG_WARN_SUSPICIOUS_MOVE = YES;
				CLANG_WARN_UNREACHABLE_CODE = YES;
				CLANG_WARN__DUPLICATE_METHOD_MATCH = YES;
				"CODE_SIGN_IDENTITY[sdk=iphoneos*]" = "iPhone Distribution: BrunchLabs, LLC (JQ28K6Y7JE)";
				COPY_PHASE_STRIP = NO;
				ENABLE_STRICT_OBJC_MSGSEND = YES;
				ENABLE_TESTABILITY = YES;
				GCC_C_LANGUAGE_STANDARD = gnu99;
				GCC_DYNAMIC_NO_PIC = NO;
				GCC_NO_COMMON_BLOCKS = YES;
				GCC_OPTIMIZATION_LEVEL = 0;
				GCC_PREPROCESSOR_DEFINITIONS = (
					"DEBUG=1",
					"$(inherited)",
				);
				GCC_SYMBOLS_PRIVATE_EXTERN = NO;
				GCC_WARN_64_TO_32_BIT_CONVERSION = YES;
				GCC_WARN_ABOUT_RETURN_TYPE = YES_ERROR;
				GCC_WARN_UNDECLARED_SELECTOR = YES;
				GCC_WARN_UNINITIALIZED_AUTOS = YES_AGGRESSIVE;
				GCC_WARN_UNUSED_FUNCTION = YES;
				GCC_WARN_UNUSED_VARIABLE = YES;
				IPHONEOS_DEPLOYMENT_TARGET = 9.0;
				MTL_ENABLE_DEBUG_INFO = YES;
				ONLY_ACTIVE_ARCH = YES;
				SDKROOT = iphoneos;
			};
			name = Debug;
		};
		83CBBA211A601CBA00E9B192 /* Release */ = {
			isa = XCBuildConfiguration;
			buildSettings = {
				ALWAYS_SEARCH_USER_PATHS = NO;
				CLANG_CXX_LANGUAGE_STANDARD = "gnu++0x";
				CLANG_CXX_LIBRARY = "libc++";
				CLANG_ENABLE_MODULES = YES;
				CLANG_ENABLE_OBJC_ARC = YES;
				CLANG_WARN_BLOCK_CAPTURE_AUTORELEASING = YES;
				CLANG_WARN_BOOL_CONVERSION = YES;
				CLANG_WARN_COMMA = YES;
				CLANG_WARN_CONSTANT_CONVERSION = YES;
				CLANG_WARN_DEPRECATED_OBJC_IMPLEMENTATIONS = YES;
				CLANG_WARN_DIRECT_OBJC_ISA_USAGE = YES_ERROR;
				CLANG_WARN_EMPTY_BODY = YES;
				CLANG_WARN_ENUM_CONVERSION = YES;
				CLANG_WARN_INFINITE_RECURSION = YES;
				CLANG_WARN_INT_CONVERSION = YES;
				CLANG_WARN_NON_LITERAL_NULL_CONVERSION = YES;
				CLANG_WARN_OBJC_IMPLICIT_RETAIN_SELF = YES;
				CLANG_WARN_OBJC_LITERAL_CONVERSION = YES;
				CLANG_WARN_OBJC_ROOT_CLASS = YES_ERROR;
				CLANG_WARN_RANGE_LOOP_ANALYSIS = YES;
				CLANG_WARN_STRICT_PROTOTYPES = YES;
				CLANG_WARN_SUSPICIOUS_MOVE = YES;
				CLANG_WARN_UNREACHABLE_CODE = YES;
				CLANG_WARN__DUPLICATE_METHOD_MATCH = YES;
				"CODE_SIGN_IDENTITY[sdk=iphoneos*]" = "iPhone Distribution: BrunchLabs, LLC (JQ28K6Y7JE)";
				COPY_PHASE_STRIP = YES;
				ENABLE_NS_ASSERTIONS = NO;
				ENABLE_STRICT_OBJC_MSGSEND = YES;
				GCC_C_LANGUAGE_STANDARD = gnu99;
				GCC_NO_COMMON_BLOCKS = YES;
				GCC_WARN_64_TO_32_BIT_CONVERSION = YES;
				GCC_WARN_ABOUT_RETURN_TYPE = YES_ERROR;
				GCC_WARN_UNDECLARED_SELECTOR = YES;
				GCC_WARN_UNINITIALIZED_AUTOS = YES_AGGRESSIVE;
				GCC_WARN_UNUSED_FUNCTION = YES;
				GCC_WARN_UNUSED_VARIABLE = YES;
				IPHONEOS_DEPLOYMENT_TARGET = 9.0;
				MTL_ENABLE_DEBUG_INFO = NO;
				SDKROOT = iphoneos;
				SWIFT_COMPILATION_MODE = wholemodule;
				VALIDATE_PRODUCT = YES;
			};
			name = Release;
		};
/* End XCBuildConfiguration section */

/* Begin XCConfigurationList section */
		00E357021AD99517003FC87E /* Build configuration list for PBXNativeTarget "TellrAppTests" */ = {
			isa = XCConfigurationList;
			buildConfigurations = (
				00E356F61AD99517003FC87E /* Debug */,
				00E356F71AD99517003FC87E /* Release */,
			);
			defaultConfigurationIsVisible = 0;
			defaultConfigurationName = Release;
		};
		13B07F931A680F5B00A75B9A /* Build configuration list for PBXNativeTarget "TellrApp" */ = {
			isa = XCConfigurationList;
			buildConfigurations = (
				13B07F941A680F5B00A75B9A /* Debug */,
				13B07F951A680F5B00A75B9A /* Release */,
			);
			defaultConfigurationIsVisible = 0;
			defaultConfigurationName = Release;
		};
		2D02E4BA1E0B4A5E006451C7 /* Build configuration list for PBXNativeTarget "TellrApp-tvOS" */ = {
			isa = XCConfigurationList;
			buildConfigurations = (
				2D02E4971E0B4A5E006451C7 /* Debug */,
				2D02E4981E0B4A5E006451C7 /* Release */,
			);
			defaultConfigurationIsVisible = 0;
			defaultConfigurationName = Release;
		};
		2D02E4BB1E0B4A5E006451C7 /* Build configuration list for PBXNativeTarget "TellrApp-tvOSTests" */ = {
			isa = XCConfigurationList;
			buildConfigurations = (
				2D02E4991E0B4A5E006451C7 /* Debug */,
				2D02E49A1E0B4A5E006451C7 /* Release */,
			);
			defaultConfigurationIsVisible = 0;
			defaultConfigurationName = Release;
		};
		83CBB9FA1A601CBA00E9B192 /* Build configuration list for PBXProject "TellrApp" */ = {
			isa = XCConfigurationList;
			buildConfigurations = (
				83CBBA201A601CBA00E9B192 /* Debug */,
				83CBBA211A601CBA00E9B192 /* Release */,
			);
			defaultConfigurationIsVisible = 0;
			defaultConfigurationName = Release;
		};
/* End XCConfigurationList section */
	};
	rootObject = 83CBB9F71A601CBA00E9B192 /* Project object */;
}
